{
  "version": 4,
  "terraform_version": "1.9.8",
  "serial": 119,
  "lineage": "1a3cf69f-0799-fc0d-f3af-bda61fbd9479",
  "outputs": {
    "alicloud_api_gateway_url": {
      "value": "https://e56dc5cecb6443d9923df1f7f88c7ba4-ap-southeast-3.alicloudapi.com/api/split/nlp",
      "type": "string"
    },
    "alicloud_vpc_id": {
      "value": "vpc-8ps1d848lj58m3osfovjq",
      "type": "string"
    },
    "aws_api_gateway_url": {
      "value": "https://tkvr1hkshh.execute-api.ap-southeast-1.amazonaws.com",
      "type": "string"
    },
    "aws_vpc_id": {
      "value": "vpc-0b219e7458d3af6e5",
      "type": "string"
    },
    "oss_bucket_name": {
      "value": "ai-bill-splitter-receipts-dev",
      "type": "string"
    },
    "redis_endpoint": {
      "value": "master.ai-bill-splitter-dev.ejbfdw.apse1.cache.amazonaws.com",
      "type": "string"
    }
  },
  "resources": [
    {
      "module": "module.alicloud",
      "mode": "data",
      "type": "alicloud_zones",
      "name": "available",
      "provider": "provider[\"registry.terraform.io/aliyun/alicloud\"]",
      "instances": [
        {
          "schema_version": 0,
          "attributes": {
            "available_disk_category": null,
            "available_instance_type": null,
            "available_resource_creation": "VSwitch",
            "available_slb_address_ip_version": null,
            "available_slb_address_type": null,
            "enable_details": false,
            "id": "1892796792",
            "ids": [
              "ap-southeast-3a",
              "ap-southeast-3b",
              "ap-southeast-3c"
            ],
            "instance_charge_type": "PostPaid",
            "multi": false,
            "network_type": null,
            "output_file": null,
            "spot_strategy": "NoSpot",
            "zones": [
              {
                "available_disk_categories": [],
                "available_instance_types": [],
                "available_resource_creation": [],
                "id": "ap-southeast-3a",
                "local_name": "",
                "multi_zone_ids": [],
                "slb_slave_zone_ids": []
              },
              {
                "available_disk_categories": [],
                "available_instance_types": [],
                "available_resource_creation": [],
                "id": "ap-southeast-3b",
                "local_name": "",
                "multi_zone_ids": [],
                "slb_slave_zone_ids": []
              },
              {
                "available_disk_categories": [],
                "available_instance_types": [],
                "available_resource_creation": [],
                "id": "ap-southeast-3c",
                "local_name": "",
                "multi_zone_ids": [],
                "slb_slave_zone_ids": []
              }
            ]
          },
          "sensitive_attributes": []
        }
      ]
    },
    {
      "module": "module.alicloud",
      "mode": "data",
      "type": "archive_file",
      "name": "dummy_code",
      "provider": "provider[\"registry.terraform.io/hashicorp/archive\"]",
      "instances": [
        {
          "schema_version": 0,
          "attributes": {
            "exclude_symlink_directories": null,
            "excludes": null,
            "id": "f29e446ae1fc4e161087a6e24662db7684ad7af1",
            "output_base64sha256": "lXxpZH+3pmxPYp418YHuEJZqmRpr/I6aVbujwovyMLQ=",
            "output_base64sha512": "eIAv+vJy7VbFr30pQgzbeMnm2i8l4OODw6fpRhf1z3ZWxTHxJ1+jrSwh0HwRzyEhkv8mrr/E8GqZmigZUjbHaQ==",
            "output_file_mode": null,
            "output_md5": "25a7c770585801cf1016b39407c927a3",
            "output_path": "modules/alicloud/dummy.zip",
            "output_sha": "f29e446ae1fc4e161087a6e24662db7684ad7af1",
            "output_sha256": "957c69647fb7a66c4f629e35f181ee10966a991a6bfc8e9a55bba3c28bf230b4",
            "output_sha512": "78802ffaf272ed56c5af7d29420cdb78c9e6da2f25e0e383c3a7e94617f5cf7656c531f1275fa3ad2c21d07c11cf212192ff26aebfc4f06a999a28195236c769",
            "output_size": 184,
            "source": [
              {
                "content": "def handler(event, context):\n    return 'hello'\n",
                "filename": "index.py"
              }
            ],
            "source_content": null,
            "source_content_filename": null,
            "source_dir": null,
            "source_file": null,
            "type": "zip"
          },
          "sensitive_attributes": []
        }
      ]
    },
    {
      "module": "module.alicloud",
      "mode": "managed",
      "type": "alicloud_api_gateway_app",
      "name": "main",
      "provider": "provider[\"registry.terraform.io/aliyun/alicloud\"]",
      "instances": [
        {
          "schema_version": 0,
          "attributes": {
            "description": "API Gateway app for ai-bill-splitter",
            "id": "112328729",
            "name": "AiBillSplitterAppdev",
            "tags": {
              "Environment": "dev",
              "ManagedBy": "terraform",
              "Project": "ai-bill-splitter"
            }
          },
          "sensitive_attributes": [],
          "private": "bnVsbA=="
        }
      ]
    },
    {
      "module": "module.alicloud",
      "mode": "managed",
      "type": "alicloud_api_gateway_group",
      "name": "main",
      "provider": "provider[\"registry.terraform.io/aliyun/alicloud\"]",
      "instances": [
        {
          "schema_version": 0,
          "attributes": {
            "base_path": "/",
            "description": "API Gateway group for ai-bill-splitter",
            "id": "e56dc5cecb6443d9923df1f7f88c7ba4",
            "instance_id": "api-shared-vpc-001",
            "name": "ai-bill-splitter-api-dev",
            "sub_domain": "e56dc5cecb6443d9923df1f7f88c7ba4-ap-southeast-3.alicloudapi.com",
            "user_log_config": [],
            "vpc_domain": "",
            "vpc_intranet_enable": false
          },
          "sensitive_attributes": [],
          "private": "bnVsbA=="
        }
      ]
    },
    {
      "module": "module.alicloud",
      "mode": "managed",
      "type": "alicloud_eip_address",
      "name": "nat",
      "provider": "provider[\"registry.terraform.io/aliyun/alicloud\"]",
      "instances": [
        {
          "schema_version": 0,
          "attributes": {
            "activity_id": null,
            "address_name": "ai-bill-splitter-dev-nat-eip",
            "allocation_id": "eip-8ps8wo6v0r3ir2krzkip2",
            "auto_pay": null,
            "bandwidth": "10",
            "create_time": "2026-04-25T11:21:12Z",
            "deletion_protection": false,
            "description": "",
            "high_definition_monitor_log_status": "OFF",
            "id": "eip-8ps8wo6v0r3ir2krzkip2",
            "instance_charge_type": "PostPaid",
            "internet_charge_type": "PayByBandwidth",
            "ip_address": "47.250.173.219",
            "isp": "BGP",
            "log_project": null,
            "log_store": null,
            "mode": "NAT",
            "name": "ai-bill-splitter-dev-nat-eip",
            "netmode": "public",
            "payment_type": "PayAsYouGo",
            "period": null,
            "pricing_cycle": null,
            "public_ip_address_pool_id": null,
            "resource_group_id": "rg-acfnxssx6wwzrwi",
            "security_protection_types": [],
            "status": "InUse",
            "tags": {
              "Environment": "dev",
              "ManagedBy": "terraform",
              "Project": "ai-bill-splitter"
            },
            "timeouts": null,
            "zone": null
          },
          "sensitive_attributes": [],
          "private": "eyJlMmJmYjczMC1lY2FhLTExZTYtOGY4OC0zNDM2M2JjN2M0YzAiOnsiY3JlYXRlIjo1NDAwMDAwMDAwMDAsImRlbGV0ZSI6NTQwMDAwMDAwMDAwLCJ1cGRhdGUiOjU0MDAwMDAwMDAwMH19"
        }
      ]
    },
    {
      "module": "module.alicloud",
      "mode": "managed",
      "type": "alicloud_eip_association",
      "name": "nat",
      "provider": "provider[\"registry.terraform.io/aliyun/alicloud\"]",
      "instances": [
        {
          "schema_version": 0,
          "attributes": {
            "allocation_id": "eip-8ps8wo6v0r3ir2krzkip2",
            "force": null,
            "id": "eip-8ps8wo6v0r3ir2krzkip2:ngw-8pslk0wb8qy70q237ed4i",
            "instance_id": "ngw-8pslk0wb8qy70q237ed4i",
            "instance_type": "Nat",
            "mode": "NAT",
            "private_ip_address": "",
            "timeouts": null,
            "vpc_id": ""
          },
          "sensitive_attributes": [],
          "private": "eyJlMmJmYjczMC1lY2FhLTExZTYtOGY4OC0zNDM2M2JjN2M0YzAiOnsiY3JlYXRlIjozMDAwMDAwMDAwMDAsImRlbGV0ZSI6MzAwMDAwMDAwMDAwLCJ1cGRhdGUiOjMwMDAwMDAwMDAwMH19",
          "dependencies": [
            "module.alicloud.alicloud_eip_address.nat",
            "module.alicloud.alicloud_nat_gateway.main",
            "module.alicloud.alicloud_vpc.main",
            "module.alicloud.alicloud_vswitch.public_a",
            "module.alicloud.data.alicloud_zones.available"
          ]
        }
      ]
    },
    {
      "module": "module.alicloud",
      "mode": "managed",
      "type": "alicloud_fc_function",
      "name": "nlp_split",
      "provider": "provider[\"registry.terraform.io/aliyun/alicloud\"]",
      "instances": [
        {
          "schema_version": 0,
          "attributes": {
            "ca_port": 0,
            "code_checksum": "15863465705243577274",
            "custom_container_config": [],
            "description": "",
            "environment_variables": {
              "DASHSCOPE_MODEL_ID": "qwen-turbo",
              "ENVIRONMENT": "dev"
            },
            "filename": "modules/alicloud/dummy.zip",
            "function_arn": "acs:fc:ap-southeast-3:5813476266449113:services/ai-bill-splitter-split-svc.LATEST/functions/nlp-split",
            "function_id": "186be4d4-e075-4677-82db-4010a61b9e7c",
            "handler": "index.handler",
            "id": "ai-bill-splitter-split-svc:nlp-split",
            "initialization_timeout": 3,
            "initializer": "",
            "instance_concurrency": 1,
            "instance_type": "e1",
            "last_modified": "2026-04-25T11:21:07Z",
            "layers": [],
            "memory_size": 512,
            "name": "nlp-split",
            "name_prefix": null,
            "oss_bucket": null,
            "oss_key": null,
            "runtime": "python3.10",
            "service": "ai-bill-splitter-split-svc",
            "timeout": 60
          },
          "sensitive_attributes": [],
          "private": "bnVsbA==",
          "dependencies": [
            "module.alicloud.alicloud_fc_service.main",
            "module.alicloud.alicloud_ram_role.fc_role",
            "module.alicloud.alicloud_security_group.fc_sg",
            "module.alicloud.alicloud_vpc.main",
            "module.alicloud.alicloud_vswitch.private_a",
            "module.alicloud.alicloud_vswitch.private_b",
            "module.alicloud.data.alicloud_zones.available",
            "module.alicloud.data.archive_file.dummy_code"
          ]
        }
      ]
    },
    {
      "module": "module.alicloud",
      "mode": "managed",
      "type": "alicloud_fc_service",
      "name": "main",
      "provider": "provider[\"registry.terraform.io/aliyun/alicloud\"]",
      "instances": [
        {
          "schema_version": 0,
          "attributes": {
            "description": "",
            "id": "ai-bill-splitter-split-svc",
            "internet_access": false,
            "last_modified": "2026-04-25T11:21:07Z",
            "log_config": [],
            "name": "ai-bill-splitter-split-svc",
            "name_prefix": null,
            "nas_config": [],
            "publish": false,
            "role": "acs:ram::5813476266449113:role/ai-bill-splitter-fc-role-dev",
            "service_id": "dc1449b3-4a4f-4e4e-a612-edf1e0aec385",
            "tags": {
              "Environment": "dev",
              "ManagedBy": "terraform",
              "Project": "ai-bill-splitter"
            },
            "tracing_config": [],
            "version": null,
            "vpc_config": [
              {
                "security_group_id": "sg-8ps7xdua0hygnkfnvxwj",
                "vpc_id": "vpc-8ps1d848lj58m3osfovjq",
                "vswitch_ids": [
                  "vsw-8psl75phydcgse9yjhgld",
                  "vsw-8psolw7029ea230hs1d8f"
                ]
              }
            ]
          },
          "sensitive_attributes": [],
          "private": "bnVsbA==",
          "dependencies": [
            "module.alicloud.alicloud_ram_role.fc_role",
            "module.alicloud.alicloud_security_group.fc_sg",
            "module.alicloud.alicloud_vpc.main",
            "module.alicloud.alicloud_vswitch.private_a",
            "module.alicloud.alicloud_vswitch.private_b",
            "module.alicloud.data.alicloud_zones.available"
          ]
        }
      ]
    },
    {
      "module": "module.alicloud",
      "mode": "managed",
      "type": "alicloud_fc_trigger",
      "name": "http",
      "provider": "provider[\"registry.terraform.io/aliyun/alicloud\"]",
      "instances": [
        {
          "schema_version": 0,
          "attributes": {
            "config": "{\"methods\":[\"POST\"],\"authType\":\"anonymous\",\"disableURLInternet\":false}",
            "config_mns": null,
            "function": "nlp-split",
            "id": "ai-bill-splitter-split-svc:nlp-split:http-trigger",
            "last_modified": "2026-04-25T11:22:43Z",
            "name": "http-trigger",
            "name_prefix": null,
            "role": "",
            "service": "ai-bill-splitter-split-svc",
            "source_arn": "",
            "trigger_id": "8833cfcf-44cc-4919-af0b-c3322bb7a96a",
            "type": "http"
          },
          "sensitive_attributes": [],
          "private": "bnVsbA==",
          "dependencies": [
            "module.alicloud.alicloud_fc_function.nlp_split",
            "module.alicloud.alicloud_fc_service.main",
            "module.alicloud.alicloud_ram_role.fc_role",
            "module.alicloud.alicloud_security_group.fc_sg",
            "module.alicloud.alicloud_vpc.main",
            "module.alicloud.alicloud_vswitch.private_a",
            "module.alicloud.alicloud_vswitch.private_b",
            "module.alicloud.data.alicloud_zones.available",
            "module.alicloud.data.archive_file.dummy_code"
          ]
        }
      ]
    },
    {
      "module": "module.alicloud",
      "mode": "managed",
      "type": "alicloud_nat_gateway",
      "name": "main",
      "provider": "provider[\"registry.terraform.io/aliyun/alicloud\"]",
      "instances": [
        {
          "schema_version": 0,
          "attributes": {
            "access_mode": [
              {
                "mode_value": null,
                "tunnel_type": null
              }
            ],
            "bandwidth_package_ids": null,
            "bandwidth_packages": [],
            "deletion_protection": false,
            "description": "",
            "dry_run": null,
            "eip_bind_mode": "MULTI_BINDED",
            "force": null,
            "forward_table_ids": "ftb-8ps6vk92tovwvrrkcfzed",
            "icmp_reply_enabled": true,
            "id": "ngw-8pslk0wb8qy70q237ed4i",
            "instance_charge_type": "PostPaid",
            "internet_charge_type": "PayByLcu",
            "name": "ai-bill-splitter-dev-nat",
            "nat_gateway_name": "ai-bill-splitter-dev-nat",
            "nat_type": "Enhanced",
            "network_type": "internet",
            "payment_type": "PayAsYouGo",
            "period": null,
            "private_link_enabled": false,
            "snat_table_ids": "stb-8pskjf09pusubovfjasc6",
            "spec": null,
            "specification": "",
            "status": "Available",
            "tags": {
              "Environment": "dev",
              "ManagedBy": "terraform",
              "Project": "ai-bill-splitter"
            },
            "timeouts": null,
            "vpc_id": "vpc-8ps1d848lj58m3osfovjq",
            "vswitch_id": "vsw-8ps012ml8byna8jxumny3"
          },
          "sensitive_attributes": [],
          "private": "eyJlMmJmYjczMC1lY2FhLTExZTYtOGY4OC0zNDM2M2JjN2M0YzAiOnsiY3JlYXRlIjo2MDAwMDAwMDAwMDAsImRlbGV0ZSI6NjAwMDAwMDAwMDAwLCJ1cGRhdGUiOjYwMDAwMDAwMDAwMH19",
          "dependencies": [
            "module.alicloud.alicloud_vpc.main",
            "module.alicloud.alicloud_vswitch.public_a",
            "module.alicloud.data.alicloud_zones.available"
          ]
        }
      ]
    },
    {
      "module": "module.alicloud",
      "mode": "managed",
      "type": "alicloud_oss_bucket",
      "name": "receipts",
      "provider": "provider[\"registry.terraform.io/aliyun/alicloud\"]",
      "instances": [
        {
          "schema_version": 0,
          "attributes": {
            "access_monitor": [
              {
                "status": "Disabled"
              }
            ],
            "acl": "private",
            "bucket": "ai-bill-splitter-receipts-dev",
            "cors_rule": [
              {
                "allowed_headers": [
                  "*"
                ],
                "allowed_methods": [
                  "GET",
                  "POST",
                  "PUT"
                ],
                "allowed_origins": [
                  "*"
                ],
                "expose_headers": [],
                "max_age_seconds": 3000
              }
            ],
            "creation_date": "2026-04-25",
            "extranet_endpoint": "oss-ap-southeast-3.aliyuncs.com",
            "force_destroy": false,
            "id": "ai-bill-splitter-receipts-dev",
            "intranet_endpoint": "oss-ap-southeast-3-internal.aliyuncs.com",
            "lifecycle_rule": [
              {
                "abort_multipart_upload": [],
                "enabled": true,
                "expiration": [
                  {
                    "created_before_date": "",
                    "date": "",
                    "days": 365,
                    "expired_object_delete_marker": false
                  }
                ],
                "filter": [],
                "id": "transition-to-ia",
                "noncurrent_version_expiration": [],
                "noncurrent_version_transition": [],
                "prefix": "",
                "tags": {},
                "transitions": [
                  {
                    "created_before_date": "",
                    "days": 30,
                    "is_access_time": false,
                    "return_to_std_when_visit": false,
                    "storage_class": "IA"
                  }
                ]
              }
            ],
            "lifecycle_rule_allow_same_action_overlap": false,
            "location": "oss-ap-southeast-3",
            "logging": [],
            "logging_isenable": null,
            "owner": "5813476266449113",
            "policy": "",
            "redundancy_type": "LRS",
            "referer_config": [],
            "resource_group_id": "rg-acfnxssx6wwzrwi",
            "server_side_encryption_rule": [
              {
                "kms_data_encryption": "",
                "kms_master_key_id": "",
                "sse_algorithm": "AES256"
              }
            ],
            "storage_class": "Standard",
            "tags": {
              "Environment": "dev",
              "ManagedBy": "terraform",
              "Project": "ai-bill-splitter"
            },
            "transfer_acceleration": [],
            "versioning": [
              {
                "status": "Enabled"
              }
            ],
            "website": []
          },
          "sensitive_attributes": [],
          "private": "bnVsbA=="
        }
      ]
    },
    {
      "module": "module.alicloud",
      "mode": "managed",
      "type": "alicloud_oss_bucket_acl",
      "name": "receipts",
      "provider": "provider[\"registry.terraform.io/aliyun/alicloud\"]",
      "instances": [
        {
          "schema_version": 0,
          "attributes": {
            "acl": "private",
            "bucket": "ai-bill-splitter-receipts-dev",
            "id": "ai-bill-splitter-receipts-dev",
            "timeouts": null
          },
          "sensitive_attributes": [],
          "private": "eyJlMmJmYjczMC1lY2FhLTExZTYtOGY4OC0zNDM2M2JjN2M0YzAiOnsiY3JlYXRlIjozMDAwMDAwMDAwMDAsImRlbGV0ZSI6MzAwMDAwMDAwMDAwLCJ1cGRhdGUiOjMwMDAwMDAwMDAwMH19",
          "dependencies": [
            "module.alicloud.alicloud_oss_bucket.receipts"
          ]
        }
      ]
    },
    {
      "module": "module.alicloud",
      "mode": "managed",
      "type": "alicloud_ram_role",
      "name": "fc_role",
      "provider": "provider[\"registry.terraform.io/aliyun/alicloud\"]",
      "instances": [
        {
          "schema_version": 0,
          "attributes": {
            "arn": "acs:ram::5813476266449113:role/ai-bill-splitter-fc-role-dev",
            "assume_role_policy_document": "{\n    \"Statement\": [{\n            \"Action\": \"sts:AssumeRole\",\n            \"Effect\": \"Allow\",\n            \"Principal\": {\"Service\": [\"fc.aliyuncs.com\"]}}],\n    \"Version\": \"1\"}",
            "create_time": "2026-04-25T11:13:32Z",
            "description": "",
            "document": "{\n    \"Statement\": [{\n            \"Action\": \"sts:AssumeRole\",\n            \"Effect\": \"Allow\",\n            \"Principal\": {\"Service\": [\"fc.aliyuncs.com\"]}}],\n    \"Version\": \"1\"}",
            "force": null,
            "id": "ai-bill-splitter-fc-role-dev",
            "max_session_duration": 3600,
            "name": "ai-bill-splitter-fc-role-dev",
            "ram_users": [],
            "role_id": "301839392681574277",
            "role_name": "ai-bill-splitter-fc-role-dev",
            "services": [
              "fc.aliyuncs.com"
            ],
            "tags": {
              "Environment": "dev",
              "ManagedBy": "terraform",
              "Project": "ai-bill-splitter"
            },
            "timeouts": null,
            "version": "1"
          },
          "sensitive_attributes": [],
          "private": "eyJlMmJmYjczMC1lY2FhLTExZTYtOGY4OC0zNDM2M2JjN2M0YzAiOnsiY3JlYXRlIjozMDAwMDAwMDAwMDAsImRlbGV0ZSI6MzAwMDAwMDAwMDAwLCJ1cGRhdGUiOjMwMDAwMDAwMDAwMH19"
        }
      ]
    },
    {
      "module": "module.alicloud",
      "mode": "managed",
      "type": "alicloud_ram_role_policy_attachment",
      "name": "fc_oss",
      "provider": "provider[\"registry.terraform.io/aliyun/alicloud\"]",
      "instances": [
        {
          "schema_version": 0,
          "attributes": {
            "id": "role:AliyunOSSFullAccess:System:ai-bill-splitter-fc-role-dev",
            "policy_name": "AliyunOSSFullAccess",
            "policy_type": "System",
            "role_name": "ai-bill-splitter-fc-role-dev",
            "timeouts": null
          },
          "sensitive_attributes": [],
          "private": "eyJlMmJmYjczMC1lY2FhLTExZTYtOGY4OC0zNDM2M2JjN2M0YzAiOnsiY3JlYXRlIjozMDAwMDAwMDAwMDAsImRlbGV0ZSI6MzAwMDAwMDAwMDAwfX0=",
          "dependencies": [
            "module.alicloud.alicloud_ram_role.fc_role"
          ]
        }
      ]
    },
    {
      "module": "module.alicloud",
      "mode": "managed",
      "type": "alicloud_ram_role_policy_attachment",
      "name": "fc_vpc",
      "provider": "provider[\"registry.terraform.io/aliyun/alicloud\"]",
      "instances": [
        {
          "schema_version": 0,
          "attributes": {
            "id": "role:AliyunVPCFullAccess:System:ai-bill-splitter-fc-role-dev",
            "policy_name": "AliyunVPCFullAccess",
            "policy_type": "System",
            "role_name": "ai-bill-splitter-fc-role-dev",
            "timeouts": null
          },
          "sensitive_attributes": [],
          "private": "eyJlMmJmYjczMC1lY2FhLTExZTYtOGY4OC0zNDM2M2JjN2M0YzAiOnsiY3JlYXRlIjozMDAwMDAwMDAwMDAsImRlbGV0ZSI6MzAwMDAwMDAwMDAwfX0=",
          "dependencies": [
            "module.alicloud.alicloud_ram_role.fc_role"
          ]
        }
      ]
    },
    {
      "module": "module.alicloud",
      "mode": "managed",
      "type": "alicloud_route_table",
      "name": "private",
      "provider": "provider[\"registry.terraform.io/aliyun/alicloud\"]",
      "instances": [
        {
          "schema_version": 0,
          "attributes": {
            "associate_type": "VSwitch",
            "create_time": "2026-04-25T11:13:39Z",
            "description": "",
            "id": "vtb-8pslm1m3eii56gu429bju",
            "name": "ai-bill-splitter-dev-private-rt",
            "resource_group_id": "rg-acfnxssx6wwzrwi",
            "route_propagation_enable": true,
            "route_table_name": "ai-bill-splitter-dev-private-rt",
            "status": "Available",
            "tags": {
              "Environment": "dev",
              "ManagedBy": "terraform",
              "Project": "ai-bill-splitter"
            },
            "timeouts": null,
            "vpc_id": "vpc-8ps1d848lj58m3osfovjq"
          },
          "sensitive_attributes": [],
          "private": "eyJlMmJmYjczMC1lY2FhLTExZTYtOGY4OC0zNDM2M2JjN2M0YzAiOnsiY3JlYXRlIjo2MDAwMDAwMDAwMDAsImRlbGV0ZSI6MzAwMDAwMDAwMDAwLCJ1cGRhdGUiOjMwMDAwMDAwMDAwMH19",
          "dependencies": [
            "module.alicloud.alicloud_vpc.main"
          ]
        }
      ]
    },
    {
      "module": "module.alicloud",
      "mode": "managed",
      "type": "alicloud_route_table_attachment",
      "name": "private_a",
      "provider": "provider[\"registry.terraform.io/aliyun/alicloud\"]",
      "instances": [
        {
          "schema_version": 0,
          "attributes": {
            "id": "vtb-8pslm1m3eii56gu429bju:vsw-8psl75phydcgse9yjhgld",
            "route_table_id": "vtb-8pslm1m3eii56gu429bju",
            "status": "Available",
            "timeouts": null,
            "vswitch_id": "vsw-8psl75phydcgse9yjhgld"
          },
          "sensitive_attributes": [],
          "private": "eyJlMmJmYjczMC1lY2FhLTExZTYtOGY4OC0zNDM2M2JjN2M0YzAiOnsiY3JlYXRlIjozMDAwMDAwMDAwMDAsImRlbGV0ZSI6MzAwMDAwMDAwMDAwfX0=",
          "dependencies": [
            "module.alicloud.alicloud_route_table.private",
            "module.alicloud.alicloud_vpc.main",
            "module.alicloud.alicloud_vswitch.private_a",
            "module.alicloud.data.alicloud_zones.available"
          ]
        }
      ]
    },
    {
      "module": "module.alicloud",
      "mode": "managed",
      "type": "alicloud_route_table_attachment",
      "name": "private_b",
      "provider": "provider[\"registry.terraform.io/aliyun/alicloud\"]",
      "instances": [
        {
          "schema_version": 0,
          "attributes": {
            "id": "vtb-8pslm1m3eii56gu429bju:vsw-8psolw7029ea230hs1d8f",
            "route_table_id": "vtb-8pslm1m3eii56gu429bju",
            "status": "Available",
            "timeouts": null,
            "vswitch_id": "vsw-8psolw7029ea230hs1d8f"
          },
          "sensitive_attributes": [],
          "private": "eyJlMmJmYjczMC1lY2FhLTExZTYtOGY4OC0zNDM2M2JjN2M0YzAiOnsiY3JlYXRlIjozMDAwMDAwMDAwMDAsImRlbGV0ZSI6MzAwMDAwMDAwMDAwfX0=",
          "dependencies": [
            "module.alicloud.alicloud_route_table.private",
            "module.alicloud.alicloud_vpc.main",
            "module.alicloud.alicloud_vswitch.private_b",
            "module.alicloud.data.alicloud_zones.available"
          ]
        }
      ]
    },
    {
      "module": "module.alicloud",
      "mode": "managed",
      "type": "alicloud_security_group",
      "name": "fc_sg",
      "provider": "provider[\"registry.terraform.io/aliyun/alicloud\"]",
      "instances": [
        {
          "schema_version": 0,
          "attributes": {
            "create_time": "2026-04-25T11:13:41Z",
            "description": "",
            "id": "sg-8ps7xdua0hygnkfnvxwj",
            "inner_access": true,
            "inner_access_policy": "Accept",
            "name": "ai-bill-splitter-dev-fc-sg",
            "resource_group_id": "",
            "security_group_name": "ai-bill-splitter-dev-fc-sg",
            "security_group_type": "normal",
            "tags": {
              "Environment": "dev",
              "ManagedBy": "terraform",
              "Project": "ai-bill-splitter"
            },
            "timeouts": null,
            "vpc_id": "vpc-8ps1d848lj58m3osfovjq"
          },
          "sensitive_attributes": [],
          "private": "eyJlMmJmYjczMC1lY2FhLTExZTYtOGY4OC0zNDM2M2JjN2M0YzAiOnsiY3JlYXRlIjozMDAwMDAwMDAwMDAsImRlbGV0ZSI6NjAwMDAwMDAwMDAwLCJ1cGRhdGUiOjMwMDAwMDAwMDAwMH19",
          "dependencies": [
            "module.alicloud.alicloud_vpc.main"
          ]
        }
      ]
    },
    {
      "module": "module.alicloud",
      "mode": "managed",
      "type": "alicloud_security_group_rule",
      "name": "fc_sg_egress",
      "provider": "provider[\"registry.terraform.io/aliyun/alicloud\"]",
      "instances": [
        {
          "schema_version": 0,
          "attributes": {
            "cidr_ip": "0.0.0.0/0",
            "description": "",
            "id": "sg-8ps7xdua0hygnkfnvxwj:egress:all:-1/-1:intranet:0.0.0.0/0:accept:1",
            "ip_protocol": "all",
            "ipv6_cidr_ip": "",
            "nic_type": "intranet",
            "policy": "accept",
            "port_range": "-1/-1",
            "prefix_list_id": "",
            "priority": 1,
            "security_group_id": "sg-8ps7xdua0hygnkfnvxwj",
            "security_group_rule_id": "sgr-8ps4behs6x9856vsuo4b",
            "source_group_owner_account": "",
            "source_security_group_id": "",
            "type": "egress"
          },
          "sensitive_attributes": [],
          "private": "bnVsbA==",
          "dependencies": [
            "module.alicloud.alicloud_security_group.fc_sg",
            "module.alicloud.alicloud_vpc.main"
          ]
        }
      ]
    },
    {
      "module": "module.alicloud",
      "mode": "managed",
      "type": "alicloud_security_group_rule",
      "name": "fc_sg_ingress",
      "provider": "provider[\"registry.terraform.io/aliyun/alicloud\"]",
      "instances": [
        {
          "schema_version": 0,
          "attributes": {
            "cidr_ip": "10.20.0.0/16",
            "description": "",
            "id": "sg-8ps7xdua0hygnkfnvxwj:ingress:tcp:443/443:intranet:10.20.0.0/16:accept:1",
            "ip_protocol": "tcp",
            "ipv6_cidr_ip": "",
            "nic_type": "intranet",
            "policy": "accept",
            "port_range": "443/443",
            "prefix_list_id": "",
            "priority": 1,
            "security_group_id": "sg-8ps7xdua0hygnkfnvxwj",
            "security_group_rule_id": "sgr-8psd8ud0q563nj97kj2l",
            "source_group_owner_account": "",
            "source_security_group_id": "",
            "type": "ingress"
          },
          "sensitive_attributes": [],
          "private": "bnVsbA==",
          "dependencies": [
            "module.alicloud.alicloud_security_group.fc_sg",
            "module.alicloud.alicloud_vpc.main"
          ]
        }
      ]
    },
    {
      "module": "module.alicloud",
      "mode": "managed",
      "type": "alicloud_snat_entry",
      "name": "private_a",
      "provider": "provider[\"registry.terraform.io/aliyun/alicloud\"]",
      "instances": [
        {
          "schema_version": 0,
          "attributes": {
            "eip_affinity": 0,
            "id": "stb-8pskjf09pusubovfjasc6:snat-8psy3h00u3lzmu91iw1ja",
            "snat_entry_id": "snat-8psy3h00u3lzmu91iw1ja",
            "snat_entry_name": "",
            "snat_ip": "47.250.173.219",
            "snat_table_id": "stb-8pskjf09pusubovfjasc6",
            "source_cidr": "10.20.10.0/24",
            "source_vswitch_id": "vsw-8psl75phydcgse9yjhgld",
            "status": "Available",
            "timeouts": null
          },
          "sensitive_attributes": [],
          "private": "eyJlMmJmYjczMC1lY2FhLTExZTYtOGY4OC0zNDM2M2JjN2M0YzAiOnsiY3JlYXRlIjozMDAwMDAwMDAwMDAsImRlbGV0ZSI6MzAwMDAwMDAwMDAwLCJ1cGRhdGUiOjMwMDAwMDAwMDAwMH19",
          "dependencies": [
            "module.alicloud.alicloud_eip_address.nat",
            "module.alicloud.alicloud_nat_gateway.main",
            "module.alicloud.alicloud_vpc.main",
            "module.alicloud.alicloud_vswitch.private_a",
            "module.alicloud.alicloud_vswitch.public_a",
            "module.alicloud.data.alicloud_zones.available"
          ]
        }
      ]
    },
    {
      "module": "module.alicloud",
      "mode": "managed",
      "type": "alicloud_snat_entry",
      "name": "private_b",
      "provider": "provider[\"registry.terraform.io/aliyun/alicloud\"]",
      "instances": [
        {
          "schema_version": 0,
          "attributes": {
            "eip_affinity": 0,
            "id": "stb-8pskjf09pusubovfjasc6:snat-8psmzz1oodyz9kqyjdbd3",
            "snat_entry_id": "snat-8psmzz1oodyz9kqyjdbd3",
            "snat_entry_name": "",
            "snat_ip": "47.250.173.219",
            "snat_table_id": "stb-8pskjf09pusubovfjasc6",
            "source_cidr": "10.20.11.0/24",
            "source_vswitch_id": "vsw-8psolw7029ea230hs1d8f",
            "status": "Available",
            "timeouts": null
          },
          "sensitive_attributes": [],
          "private": "eyJlMmJmYjczMC1lY2FhLTExZTYtOGY4OC0zNDM2M2JjN2M0YzAiOnsiY3JlYXRlIjozMDAwMDAwMDAwMDAsImRlbGV0ZSI6MzAwMDAwMDAwMDAwLCJ1cGRhdGUiOjMwMDAwMDAwMDAwMH19",
          "dependencies": [
            "module.alicloud.alicloud_eip_address.nat",
            "module.alicloud.alicloud_nat_gateway.main",
            "module.alicloud.alicloud_vpc.main",
            "module.alicloud.alicloud_vswitch.private_b",
            "module.alicloud.alicloud_vswitch.public_a",
            "module.alicloud.data.alicloud_zones.available"
          ]
        }
      ]
    },
    {
      "module": "module.alicloud",
      "mode": "managed",
      "type": "alicloud_vpc",
      "name": "main",
      "provider": "provider[\"registry.terraform.io/aliyun/alicloud\"]",
      "instances": [
        {
          "schema_version": 0,
          "attributes": {
            "cidr_block": "10.20.0.0/16",
            "classic_link_enabled": false,
            "create_time": "2026-04-25T11:13:34Z",
            "description": "",
            "dns_hostname_status": "DISABLED",
            "dry_run": null,
            "enable_ipv6": false,
            "force_delete": null,
            "id": "vpc-8ps1d848lj58m3osfovjq",
            "ipv4_cidr_mask": null,
            "ipv4_ipam_pool_id": null,
            "ipv6_cidr_block": "",
            "ipv6_cidr_blocks": [],
            "ipv6_isp": null,
            "is_default": null,
            "name": "ai-bill-splitter-dev-vpc",
            "region_id": "ap-southeast-3",
            "resource_group_id": "rg-acfnxssx6wwzrwi",
            "route_table_id": "vtb-8psnxab5ixnalewf2i7js",
            "router_id": "vrt-8psn7rm4m1occml6swed3",
            "router_table_id": "vtb-8psnxab5ixnalewf2i7js",
            "secondary_cidr_blocks": [],
            "secondary_cidr_mask": null,
            "status": "Available",
            "system_route_table_description": "",
            "system_route_table_name": "",
            "system_route_table_route_propagation_enable": true,
            "tags": {
              "Environment": "dev",
              "ManagedBy": "terraform",
              "Project": "ai-bill-splitter"
            },
            "timeouts": null,
            "user_cidrs": [],
            "vpc_name": "ai-bill-splitter-dev-vpc"
          },
          "sensitive_attributes": [],
          "private": "eyJlMmJmYjczMC1lY2FhLTExZTYtOGY4OC0zNDM2M2JjN2M0YzAiOnsiY3JlYXRlIjo2MDAwMDAwMDAwMDAsImRlbGV0ZSI6MzAwMDAwMDAwMDAwLCJ1cGRhdGUiOjMwMDAwMDAwMDAwMH19"
        }
      ]
    },
    {
      "module": "module.alicloud",
      "mode": "managed",
      "type": "alicloud_vswitch",
      "name": "private_a",
      "provider": "provider[\"registry.terraform.io/aliyun/alicloud\"]",
      "instances": [
        {
          "schema_version": 0,
          "attributes": {
            "availability_zone": "ap-southeast-3a",
            "cidr_block": "10.20.10.0/24",
            "create_time": "2026-04-25T11:13:49Z",
            "description": "",
            "enable_ipv6": null,
            "id": "vsw-8psl75phydcgse9yjhgld",
            "ipv6_cidr_block": "",
            "ipv6_cidr_block_mask": null,
            "is_default": null,
            "name": "ai-bill-splitter-dev-private-a",
            "status": "Available",
            "tags": {
              "Environment": "dev",
              "ManagedBy": "terraform",
              "Project": "ai-bill-splitter"
            },
            "timeouts": null,
            "vpc_id": "vpc-8ps1d848lj58m3osfovjq",
            "vswitch_name": "ai-bill-splitter-dev-private-a",
            "zone_id": "ap-southeast-3a"
          },
          "sensitive_attributes": [],
          "private": "eyJlMmJmYjczMC1lY2FhLTExZTYtOGY4OC0zNDM2M2JjN2M0YzAiOnsiY3JlYXRlIjozMDAwMDAwMDAwMDAsImRlbGV0ZSI6NjAwMDAwMDAwMDAwLCJ1cGRhdGUiOjMwMDAwMDAwMDAwMH19",
          "dependencies": [
            "module.alicloud.alicloud_vpc.main",
            "module.alicloud.data.alicloud_zones.available"
          ]
        }
      ]
    },
    {
      "module": "module.alicloud",
      "mode": "managed",
      "type": "alicloud_vswitch",
      "name": "private_b",
      "provider": "provider[\"registry.terraform.io/aliyun/alicloud\"]",
      "instances": [
        {
          "schema_version": 0,
          "attributes": {
            "availability_zone": "ap-southeast-3b",
            "cidr_block": "10.20.11.0/24",
            "create_time": "2026-04-25T11:13:43Z",
            "description": "",
            "enable_ipv6": null,
            "id": "vsw-8psolw7029ea230hs1d8f",
            "ipv6_cidr_block": "",
            "ipv6_cidr_block_mask": null,
            "is_default": null,
            "name": "ai-bill-splitter-dev-private-b",
            "status": "Available",
            "tags": {
              "Environment": "dev",
              "ManagedBy": "terraform",
              "Project": "ai-bill-splitter"
            },
            "timeouts": null,
            "vpc_id": "vpc-8ps1d848lj58m3osfovjq",
            "vswitch_name": "ai-bill-splitter-dev-private-b",
            "zone_id": "ap-southeast-3b"
          },
          "sensitive_attributes": [],
          "private": "eyJlMmJmYjczMC1lY2FhLTExZTYtOGY4OC0zNDM2M2JjN2M0YzAiOnsiY3JlYXRlIjozMDAwMDAwMDAwMDAsImRlbGV0ZSI6NjAwMDAwMDAwMDAwLCJ1cGRhdGUiOjMwMDAwMDAwMDAwMH19",
          "dependencies": [
            "module.alicloud.alicloud_vpc.main",
            "module.alicloud.data.alicloud_zones.available"
          ]
        }
      ]
    },
    {
      "module": "module.alicloud",
      "mode": "managed",
      "type": "alicloud_vswitch",
      "name": "public_a",
      "provider": "provider[\"registry.terraform.io/aliyun/alicloud\"]",
      "instances": [
        {
          "schema_version": 0,
          "attributes": {
            "availability_zone": "ap-southeast-3a",
            "cidr_block": "10.20.1.0/24",
            "create_time": "2026-04-25T11:13:41Z",
            "description": "",
            "enable_ipv6": null,
            "id": "vsw-8ps012ml8byna8jxumny3",
            "ipv6_cidr_block": "",
            "ipv6_cidr_block_mask": null,
            "is_default": null,
            "name": "ai-bill-splitter-dev-public-a",
            "status": "Available",
            "tags": {
              "Environment": "dev",
              "ManagedBy": "terraform",
              "Project": "ai-bill-splitter"
            },
            "timeouts": null,
            "vpc_id": "vpc-8ps1d848lj58m3osfovjq",
            "vswitch_name": "ai-bill-splitter-dev-public-a",
            "zone_id": "ap-southeast-3a"
          },
          "sensitive_attributes": [],
          "private": "eyJlMmJmYjczMC1lY2FhLTExZTYtOGY4OC0zNDM2M2JjN2M0YzAiOnsiY3JlYXRlIjozMDAwMDAwMDAwMDAsImRlbGV0ZSI6NjAwMDAwMDAwMDAwLCJ1cGRhdGUiOjMwMDAwMDAwMDAwMH19",
          "dependencies": [
            "module.alicloud.alicloud_vpc.main",
            "module.alicloud.data.alicloud_zones.available"
          ]
        }
      ]
    },
    {
      "module": "module.alicloud",
      "mode": "managed",
      "type": "alicloud_vswitch",
      "name": "public_b",
      "provider": "provider[\"registry.terraform.io/aliyun/alicloud\"]",
      "instances": [
        {
          "schema_version": 0,
          "attributes": {
            "availability_zone": "ap-southeast-3b",
            "cidr_block": "10.20.2.0/24",
            "create_time": "2026-04-25T11:13:39Z",
            "description": "",
            "enable_ipv6": null,
            "id": "vsw-8psgtsf6arq37dnmpe9w0",
            "ipv6_cidr_block": "",
            "ipv6_cidr_block_mask": null,
            "is_default": null,
            "name": "ai-bill-splitter-dev-public-b",
            "status": "Available",
            "tags": {
              "Environment": "dev",
              "ManagedBy": "terraform",
              "Project": "ai-bill-splitter"
            },
            "timeouts": null,
            "vpc_id": "vpc-8ps1d848lj58m3osfovjq",
            "vswitch_name": "ai-bill-splitter-dev-public-b",
            "zone_id": "ap-southeast-3b"
          },
          "sensitive_attributes": [],
          "private": "eyJlMmJmYjczMC1lY2FhLTExZTYtOGY4OC0zNDM2M2JjN2M0YzAiOnsiY3JlYXRlIjozMDAwMDAwMDAwMDAsImRlbGV0ZSI6NjAwMDAwMDAwMDAwLCJ1cGRhdGUiOjMwMDAwMDAwMDAwMH19",
          "dependencies": [
            "module.alicloud.alicloud_vpc.main",
            "module.alicloud.data.alicloud_zones.available"
          ]
        }
      ]
    },
    {
      "module": "module.aws",
      "mode": "data",
      "type": "archive_file",
      "name": "dummy_lambda",
      "provider": "provider[\"registry.terraform.io/hashicorp/archive\"]",
      "instances": [
        {
          "schema_version": 0,
          "attributes": {
            "exclude_symlink_directories": null,
            "excludes": null,
            "id": "988bbad7ea59fd80c90d5ab90e18972331d4fae9",
            "output_base64sha256": "SAQBlyDosKwJPAy5GAilJJ9DAQkKtXw/fPkdMFLGGUg=",
            "output_base64sha512": "2u0xwGMMJBR1gPXMvWzwxkFVy4EJO6nTv3hC7rg3FVvQplVQBEetB3da7iX2MBKKi86wfOJ3VM/S3jaWMNks5Q==",
            "output_file_mode": null,
            "output_md5": "4d46932da8b06264eb8e9db18b6151c4",
            "output_path": "modules/aws/dummy_lambda.zip",
            "output_sha": "988bbad7ea59fd80c90d5ab90e18972331d4fae9",
            "output_sha256": "4804019720e8b0ac093c0cb91808a5249f4301090ab57c3f7cf91d3052c61948",
            "output_sha512": "daed31c0630c24147580f5ccbd6cf0c64155cb81093ba9d3bf7842eeb837155bd0a655500447ad07775aee25f630128a8bceb07ce27754cfd2de369630d92ce5",
            "output_size": 206,
            "source": [
              {
                "content": "def handler(event, context):\n    return {\"statusCode\": 200, \"body\": \"OK\"}\n",
                "filename": "app.py"
              }
            ],
            "source_content": null,
            "source_content_filename": null,
            "source_dir": null,
            "source_file": null,
            "type": "zip"
          },
          "sensitive_attributes": []
        }
      ]
    },
    {
      "module": "module.aws",
      "mode": "data",
      "type": "aws_availability_zones",
      "name": "available",
      "provider": "provider[\"registry.terraform.io/hashicorp/aws\"]",
      "instances": [
        {
          "schema_version": 0,
          "attributes": {
            "all_availability_zones": null,
            "exclude_names": null,
            "exclude_zone_ids": null,
            "filter": null,
            "group_names": [
              "ap-southeast-1-zg-1"
            ],
            "id": "ap-southeast-1",
            "names": [
              "ap-southeast-1a",
              "ap-southeast-1b",
              "ap-southeast-1c"
            ],
            "state": "available",
            "timeouts": null,
            "zone_ids": [
              "apse1-az2",
              "apse1-az1",
              "apse1-az3"
            ]
          },
          "sensitive_attributes": []
        }
      ]
    },
    {
      "module": "module.aws",
      "mode": "data",
      "type": "aws_iam_policy_document",
      "name": "bedrock",
      "provider": "provider[\"registry.terraform.io/hashicorp/aws\"]",
      "instances": [
        {
          "schema_version": 0,
          "attributes": {
            "id": "3593543743",
            "json": "{\n  \"Version\": \"2012-10-17\",\n  \"Statement\": [\n    {\n      \"Sid\": \"BedrockInvokeModel\",\n      \"Effect\": \"Allow\",\n      \"Action\": [\n        \"bedrock:InvokeModelWithResponseStream\",\n        \"bedrock:InvokeModel\"\n      ],\n      \"Resource\": \"arn:aws:bedrock:*::foundation-model/anthropic.claude-3-5-sonnet-*\"\n    }\n  ]\n}",
            "minified_json": "{\"Version\":\"2012-10-17\",\"Statement\":[{\"Sid\":\"BedrockInvokeModel\",\"Effect\":\"Allow\",\"Action\":[\"bedrock:InvokeModelWithResponseStream\",\"bedrock:InvokeModel\"],\"Resource\":\"arn:aws:bedrock:*::foundation-model/anthropic.claude-3-5-sonnet-*\"}]}",
            "override_json": null,
            "override_policy_documents": null,
            "policy_id": null,
            "source_json": null,
            "source_policy_documents": null,
            "statement": [
              {
                "actions": [
                  "bedrock:InvokeModel",
                  "bedrock:InvokeModelWithResponseStream"
                ],
                "condition": [],
                "effect": "Allow",
                "not_actions": [],
                "not_principals": [],
                "not_resources": [],
                "principals": [],
                "resources": [
                  "arn:aws:bedrock:*::foundation-model/anthropic.claude-3-5-sonnet-*"
                ],
                "sid": "BedrockInvokeModel"
              }
            ],
            "version": "2012-10-17"
          },
          "sensitive_attributes": []
        }
      ]
    },
    {
      "module": "module.aws",
      "mode": "data",
      "type": "aws_iam_policy_document",
      "name": "cloudwatch",
      "provider": "provider[\"registry.terraform.io/hashicorp/aws\"]",
      "instances": [
        {
          "schema_version": 0,
          "attributes": {
            "id": "2734949650",
            "json": "{\n  \"Version\": \"2012-10-17\",\n  \"Statement\": [\n    {\n      \"Sid\": \"CloudWatchLogs\",\n      \"Effect\": \"Allow\",\n      \"Action\": [\n        \"logs:PutLogEvents\",\n        \"logs:CreateLogStream\",\n        \"logs:CreateLogGroup\"\n      ],\n      \"Resource\": \"arn:aws:logs:*:*:log-group:/aws/lambda/ai-bill-splitter-*\"\n    }\n  ]\n}",
            "minified_json": "{\"Version\":\"2012-10-17\",\"Statement\":[{\"Sid\":\"CloudWatchLogs\",\"Effect\":\"Allow\",\"Action\":[\"logs:PutLogEvents\",\"logs:CreateLogStream\",\"logs:CreateLogGroup\"],\"Resource\":\"arn:aws:logs:*:*:log-group:/aws/lambda/ai-bill-splitter-*\"}]}",
            "override_json": null,
            "override_policy_documents": null,
            "policy_id": null,
            "source_json": null,
            "source_policy_documents": null,
            "statement": [
              {
                "actions": [
                  "logs:CreateLogGroup",
                  "logs:CreateLogStream",
                  "logs:PutLogEvents"
                ],
                "condition": [],
                "effect": "Allow",
                "not_actions": [],
                "not_principals": [],
                "not_resources": [],
                "principals": [],
                "resources": [
                  "arn:aws:logs:*:*:log-group:/aws/lambda/ai-bill-splitter-*"
                ],
                "sid": "CloudWatchLogs"
              }
            ],
            "version": "2012-10-17"
          },
          "sensitive_attributes": []
        }
      ]
    },
    {
      "module": "module.aws",
      "mode": "data",
      "type": "aws_iam_policy_document",
      "name": "elasticache",
      "provider": "provider[\"registry.terraform.io/hashicorp/aws\"]",
      "instances": [
        {
          "schema_version": 0,
          "attributes": {
            "id": "3681949137",
            "json": "{\n  \"Version\": \"2012-10-17\",\n  \"Statement\": [\n    {\n      \"Sid\": \"ElastiCacheAccess\",\n      \"Effect\": \"Allow\",\n      \"Action\": \"elasticache:*\",\n      \"Resource\": \"arn:aws:elasticache:ap-southeast-1:323146837282:replicationgroup:ai-bill-splitter-dev\"\n    }\n  ]\n}",
            "minified_json": "{\"Version\":\"2012-10-17\",\"Statement\":[{\"Sid\":\"ElastiCacheAccess\",\"Effect\":\"Allow\",\"Action\":\"elasticache:*\",\"Resource\":\"arn:aws:elasticache:ap-southeast-1:323146837282:replicationgroup:ai-bill-splitter-dev\"}]}",
            "override_json": null,
            "override_policy_documents": null,
            "policy_id": null,
            "source_json": null,
            "source_policy_documents": null,
            "statement": [
              {
                "actions": [
                  "elasticache:*"
                ],
                "condition": [],
                "effect": "Allow",
                "not_actions": [],
                "not_principals": [],
                "not_resources": [],
                "principals": [],
                "resources": [
                  "arn:aws:elasticache:ap-southeast-1:323146837282:replicationgroup:ai-bill-splitter-dev"
                ],
                "sid": "ElastiCacheAccess"
              }
            ],
            "version": "2012-10-17"
          },
          "sensitive_attributes": []
        }
      ]
    },
    {
      "module": "module.aws",
      "mode": "data",
      "type": "aws_region",
      "name": "current",
      "provider": "provider[\"registry.terraform.io/hashicorp/aws\"]",
      "instances": [
        {
          "schema_version": 0,
          "attributes": {
            "description": "Asia Pacific (Singapore)",
            "endpoint": "ec2.ap-southeast-1.amazonaws.com",
            "id": "ap-southeast-1",
            "name": "ap-southeast-1"
          },
          "sensitive_attributes": []
        }
      ]
    },
    {
      "module": "module.aws",
      "mode": "managed",
      "type": "aws_apigatewayv2_api",
      "name": "main",
      "provider": "provider[\"registry.terraform.io/hashicorp/aws\"]",
      "instances": [
        {
          "schema_version": 0,
          "attributes": {
            "api_endpoint": "https://tkvr1hkshh.execute-api.ap-southeast-1.amazonaws.com",
            "api_key_selection_expression": "$request.header.x-api-key",
            "arn": "arn:aws:apigateway:ap-southeast-1::/apis/tkvr1hkshh",
            "body": null,
            "cors_configuration": [
              {
                "allow_credentials": false,
                "allow_headers": [
                  "authorization",
                  "content-type"
                ],
                "allow_methods": [
                  "OPTIONS",
                  "POST"
                ],
                "allow_origins": [
                  "http://localhost:3000",
                  "http://localhost:5173"
                ],
                "expose_headers": [
                  "*"
                ],
                "max_age": 300
              }
            ],
            "credentials_arn": null,
            "description": "",
            "disable_execute_api_endpoint": false,
            "execution_arn": "arn:aws:execute-api:ap-southeast-1:323146837282:tkvr1hkshh",
            "fail_on_warnings": null,
            "id": "tkvr1hkshh",
            "ip_address_type": "ipv4",
            "name": "ai-bill-splitter-dev",
            "protocol_type": "HTTP",
            "route_key": null,
            "route_selection_expression": "$request.method $request.path",
            "tags": {
              "Environment": "dev",
              "ManagedBy": "terraform",
              "Project": "ai-bill-splitter"
            },
            "tags_all": {
              "Environment": "dev",
              "ManagedBy": "terraform",
              "Project": "ai-bill-splitter"
            },
            "target": null,
            "version": ""
          },
          "sensitive_attributes": [],
          "private": "bnVsbA=="
        }
      ]
    },
    {
      "module": "module.aws",
      "mode": "managed",
      "type": "aws_apigatewayv2_integration",
      "name": "lambda",
      "provider": "provider[\"registry.terraform.io/hashicorp/aws\"]",
      "instances": [
        {
          "index_key": "manual-split",
          "schema_version": 0,
          "attributes": {
            "api_id": "tkvr1hkshh",
            "connection_id": "",
            "connection_type": "INTERNET",
            "content_handling_strategy": "",
            "credentials_arn": "",
            "description": "",
            "id": "rvy60b1",
            "integration_method": "POST",
            "integration_response_selection_expression": "",
            "integration_subtype": "",
            "integration_type": "AWS_PROXY",
            "integration_uri": "arn:aws:apigateway:ap-southeast-1:lambda:path/2015-03-31/functions/arn:aws:lambda:ap-southeast-1:323146837282:function:ai-bill-splitter-manual-split-dev/invocations",
            "passthrough_behavior": "",
            "payload_format_version": "2.0",
            "request_parameters": {},
            "request_templates": {},
            "response_parameters": [],
            "template_selection_expression": "",
            "timeout_milliseconds": 30000,
            "tls_config": []
          },
          "sensitive_attributes": [],
          "private": "bnVsbA==",
          "dependencies": [
            "module.alicloud.alicloud_oss_bucket.receipts",
            "module.aws.aws_apigatewayv2_api.main",
            "module.aws.aws_elasticache_parameter_group.main",
            "module.aws.aws_elasticache_replication_group.main",
            "module.aws.aws_elasticache_subnet_group.main",
            "module.aws.aws_iam_role.lambda_execution",
            "module.aws.aws_iam_role_policy_attachment.lambda_vpc_access",
            "module.aws.aws_lambda_function.functions",
            "module.aws.aws_security_group.lambda",
            "module.aws.aws_security_group.redis",
            "module.aws.aws_subnet.private_a",
            "module.aws.aws_subnet.private_b",
            "module.aws.aws_vpc.main",
            "module.aws.data.archive_file.dummy_lambda",
            "module.aws.data.aws_availability_zones.available"
          ]
        },
        {
          "index_key": "message",
          "schema_version": 0,
          "attributes": {
            "api_id": "tkvr1hkshh",
            "connection_id": "",
            "connection_type": "INTERNET",
            "content_handling_strategy": "",
            "credentials_arn": "",
            "description": "",
            "id": "8d15k22",
            "integration_method": "POST",
            "integration_response_selection_expression": "",
            "integration_subtype": "",
            "integration_type": "AWS_PROXY",
            "integration_uri": "arn:aws:apigateway:ap-southeast-1:lambda:path/2015-03-31/functions/arn:aws:lambda:ap-southeast-1:323146837282:function:ai-bill-splitter-message-dev/invocations",
            "passthrough_behavior": "",
            "payload_format_version": "2.0",
            "request_parameters": {},
            "request_templates": {},
            "response_parameters": [],
            "template_selection_expression": "",
            "timeout_milliseconds": 30000,
            "tls_config": []
          },
          "sensitive_attributes": [],
          "private": "bnVsbA==",
          "dependencies": [
            "module.alicloud.alicloud_oss_bucket.receipts",
            "module.aws.aws_apigatewayv2_api.main",
            "module.aws.aws_elasticache_parameter_group.main",
            "module.aws.aws_elasticache_replication_group.main",
            "module.aws.aws_elasticache_subnet_group.main",
            "module.aws.aws_iam_role.lambda_execution",
            "module.aws.aws_iam_role_policy_attachment.lambda_vpc_access",
            "module.aws.aws_lambda_function.functions",
            "module.aws.aws_security_group.lambda",
            "module.aws.aws_security_group.redis",
            "module.aws.aws_subnet.private_a",
            "module.aws.aws_subnet.private_b",
            "module.aws.aws_vpc.main",
            "module.aws.data.archive_file.dummy_lambda",
            "module.aws.data.aws_availability_zones.available"
          ]
        },
        {
          "index_key": "ocr",
          "schema_version": 0,
          "attributes": {
            "api_id": "tkvr1hkshh",
            "connection_id": "",
            "connection_type": "INTERNET",
            "content_handling_strategy": "",
            "credentials_arn": "",
            "description": "",
            "id": "1q7ri9f",
            "integration_method": "POST",
            "integration_response_selection_expression": "",
            "integration_subtype": "",
            "integration_type": "AWS_PROXY",
            "integration_uri": "arn:aws:apigateway:ap-southeast-1:lambda:path/2015-03-31/functions/arn:aws:lambda:ap-southeast-1:323146837282:function:ai-bill-splitter-ocr-dev/invocations",
            "passthrough_behavior": "",
            "payload_format_version": "2.0",
            "request_parameters": {},
            "request_templates": {},
            "response_parameters": [],
            "template_selection_expression": "",
            "timeout_milliseconds": 30000,
            "tls_config": []
          },
          "sensitive_attributes": [],
          "private": "bnVsbA==",
          "dependencies": [
            "module.alicloud.alicloud_oss_bucket.receipts",
            "module.aws.aws_apigatewayv2_api.main",
            "module.aws.aws_elasticache_parameter_group.main",
            "module.aws.aws_elasticache_replication_group.main",
            "module.aws.aws_elasticache_subnet_group.main",
            "module.aws.aws_iam_role.lambda_execution",
            "module.aws.aws_iam_role_policy_attachment.lambda_vpc_access",
            "module.aws.aws_lambda_function.functions",
            "module.aws.aws_security_group.lambda",
            "module.aws.aws_security_group.redis",
            "module.aws.aws_subnet.private_a",
            "module.aws.aws_subnet.private_b",
            "module.aws.aws_vpc.main",
            "module.aws.data.archive_file.dummy_lambda",
            "module.aws.data.aws_availability_zones.available"
          ]
        }
      ]
    },
    {
      "module": "module.aws",
      "mode": "managed",
      "type": "aws_apigatewayv2_route",
      "name": "routes",
      "provider": "provider[\"registry.terraform.io/hashicorp/aws\"]",
      "instances": [
        {
          "index_key": "manual-split",
          "schema_version": 0,
          "attributes": {
            "api_id": "tkvr1hkshh",
            "api_key_required": false,
            "authorization_scopes": [],
            "authorization_type": "NONE",
            "authorizer_id": "",
            "id": "m62kgfq",
            "model_selection_expression": "",
            "operation_name": "",
            "request_models": {},
            "request_parameter": [],
            "route_key": "POST /api/split/manual",
            "route_response_selection_expression": "",
            "target": "integrations/rvy60b1"
          },
          "sensitive_attributes": [],
          "private": "bnVsbA==",
          "dependencies": [
            "module.alicloud.alicloud_oss_bucket.receipts",
            "module.aws.aws_apigatewayv2_api.main",
            "module.aws.aws_apigatewayv2_integration.lambda",
            "module.aws.aws_elasticache_parameter_group.main",
            "module.aws.aws_elasticache_replication_group.main",
            "module.aws.aws_elasticache_subnet_group.main",
            "module.aws.aws_iam_role.lambda_execution",
            "module.aws.aws_iam_role_policy_attachment.lambda_vpc_access",
            "module.aws.aws_lambda_function.functions",
            "module.aws.aws_security_group.lambda",
            "module.aws.aws_security_group.redis",
            "module.aws.aws_subnet.private_a",
            "module.aws.aws_subnet.private_b",
            "module.aws.aws_vpc.main",
            "module.aws.data.archive_file.dummy_lambda",
            "module.aws.data.aws_availability_zones.available"
          ]
        },
        {
          "index_key": "message",
          "schema_version": 0,
          "attributes": {
            "api_id": "tkvr1hkshh",
            "api_key_required": false,
            "authorization_scopes": [],
            "authorization_type": "NONE",
            "authorizer_id": "",
            "id": "pct4a9q",
            "model_selection_expression": "",
            "operation_name": "",
            "request_models": {},
            "request_parameter": [],
            "route_key": "POST /api/message",
            "route_response_selection_expression": "",
            "target": "integrations/8d15k22"
          },
          "sensitive_attributes": [],
          "private": "bnVsbA==",
          "dependencies": [
            "module.alicloud.alicloud_oss_bucket.receipts",
            "module.aws.aws_apigatewayv2_api.main",
            "module.aws.aws_apigatewayv2_integration.lambda",
            "module.aws.aws_elasticache_parameter_group.main",
            "module.aws.aws_elasticache_replication_group.main",
            "module.aws.aws_elasticache_subnet_group.main",
            "module.aws.aws_iam_role.lambda_execution",
            "module.aws.aws_iam_role_policy_attachment.lambda_vpc_access",
            "module.aws.aws_lambda_function.functions",
            "module.aws.aws_security_group.lambda",
            "module.aws.aws_security_group.redis",
            "module.aws.aws_subnet.private_a",
            "module.aws.aws_subnet.private_b",
            "module.aws.aws_vpc.main",
            "module.aws.data.archive_file.dummy_lambda",
            "module.aws.data.aws_availability_zones.available"
          ]
        },
        {
          "index_key": "ocr",
          "schema_version": 0,
          "attributes": {
            "api_id": "tkvr1hkshh",
            "api_key_required": false,
            "authorization_scopes": [],
            "authorization_type": "NONE",
            "authorizer_id": "",
            "id": "ox5d452",
            "model_selection_expression": "",
            "operation_name": "",
            "request_models": {},
            "request_parameter": [],
            "route_key": "POST /api/ocr",
            "route_response_selection_expression": "",
            "target": "integrations/1q7ri9f"
          },
          "sensitive_attributes": [],
          "private": "bnVsbA==",
          "dependencies": [
            "module.alicloud.alicloud_oss_bucket.receipts",
            "module.aws.aws_apigatewayv2_api.main",
            "module.aws.aws_apigatewayv2_integration.lambda",
            "module.aws.aws_elasticache_parameter_group.main",
            "module.aws.aws_elasticache_replication_group.main",
            "module.aws.aws_elasticache_subnet_group.main",
            "module.aws.aws_iam_role.lambda_execution",
            "module.aws.aws_iam_role_policy_attachment.lambda_vpc_access",
            "module.aws.aws_lambda_function.functions",
            "module.aws.aws_security_group.lambda",
            "module.aws.aws_security_group.redis",
            "module.aws.aws_subnet.private_a",
            "module.aws.aws_subnet.private_b",
            "module.aws.aws_vpc.main",
            "module.aws.data.archive_file.dummy_lambda",
            "module.aws.data.aws_availability_zones.available"
          ]
        }
      ]
    },
    {
      "module": "module.aws",
      "mode": "managed",
      "type": "aws_apigatewayv2_stage",
      "name": "default",
      "provider": "provider[\"registry.terraform.io/hashicorp/aws\"]",
      "instances": [
        {
          "schema_version": 0,
          "attributes": {
            "access_log_settings": [],
            "api_id": "tkvr1hkshh",
            "arn": "arn:aws:apigateway:ap-southeast-1::/apis/tkvr1hkshh/stages/$default",
            "auto_deploy": true,
            "client_certificate_id": "",
            "default_route_settings": [
              {
                "data_trace_enabled": false,
                "detailed_metrics_enabled": false,
                "logging_level": "",
                "throttling_burst_limit": 0,
                "throttling_rate_limit": 0
              }
            ],
            "deployment_id": "nkefy7",
            "description": "",
            "execution_arn": "arn:aws:execute-api:ap-southeast-1:323146837282:tkvr1hkshh/$default",
            "id": "$default",
            "invoke_url": "https://tkvr1hkshh.execute-api.ap-southeast-1.amazonaws.com/",
            "name": "$default",
            "route_settings": [],
            "stage_variables": {},
            "tags": {
              "Environment": "dev",
              "ManagedBy": "terraform",
              "Project": "ai-bill-splitter"
            },
            "tags_all": {
              "Environment": "dev",
              "ManagedBy": "terraform",
              "Project": "ai-bill-splitter"
            }
          },
          "sensitive_attributes": [],
          "private": "bnVsbA==",
          "dependencies": [
            "module.aws.aws_apigatewayv2_api.main"
          ]
        }
      ]
    },
    {
      "module": "module.aws",
      "mode": "managed",
      "type": "aws_eip",
      "name": "nat",
      "provider": "provider[\"registry.terraform.io/hashicorp/aws\"]",
      "instances": [
        {
          "schema_version": 0,
          "attributes": {
            "address": null,
            "allocation_id": "eipalloc-00d04992e2ae3f4b1",
            "arn": "arn:aws:ec2:ap-southeast-1:323146837282:elastic-ip/eipalloc-00d04992e2ae3f4b1",
            "associate_with_private_ip": null,
            "association_id": "eipassoc-091e245df23a375af",
            "carrier_ip": "",
            "customer_owned_ip": "",
            "customer_owned_ipv4_pool": "",
            "domain": "vpc",
            "id": "eipalloc-00d04992e2ae3f4b1",
            "instance": "",
            "ipam_pool_id": null,
            "network_border_group": "ap-southeast-1",
            "network_interface": "eni-08bc9988b36d9079c",
            "private_dns": "ip-10-10-1-166.ap-southeast-1.compute.internal",
            "private_ip": "10.10.1.166",
            "ptr_record": "",
            "public_dns": "ec2-18-142-156-24.ap-southeast-1.compute.amazonaws.com",
            "public_ip": "18.142.156.24",
            "public_ipv4_pool": "amazon",
            "tags": {
              "Environment": "dev",
              "ManagedBy": "terraform",
              "Name": "ai-bill-splitter-nat",
              "Project": "ai-bill-splitter"
            },
            "tags_all": {
              "Environment": "dev",
              "ManagedBy": "terraform",
              "Name": "ai-bill-splitter-nat",
              "Project": "ai-bill-splitter"
            },
            "timeouts": null,
            "vpc": true
          },
          "sensitive_attributes": [],
          "private": "eyJlMmJmYjczMC1lY2FhLTExZTYtOGY4OC0zNDM2M2JjN2M0YzAiOnsiZGVsZXRlIjoxODAwMDAwMDAwMDAsInJlYWQiOjkwMDAwMDAwMDAwMCwidXBkYXRlIjozMDAwMDAwMDAwMDB9fQ==",
          "dependencies": [
            "module.aws.aws_internet_gateway.main",
            "module.aws.aws_vpc.main"
          ]
        }
      ]
    },
    {
      "module": "module.aws",
      "mode": "managed",
      "type": "aws_elasticache_parameter_group",
      "name": "main",
      "provider": "provider[\"registry.terraform.io/hashicorp/aws\"]",
      "instances": [
        {
          "schema_version": 0,
          "attributes": {
            "arn": "arn:aws:elasticache:ap-southeast-1:323146837282:parametergroup:ai-bill-splitter-dev",
            "description": "Managed by Terraform",
            "family": "redis7",
            "id": "ai-bill-splitter-dev",
            "name": "ai-bill-splitter-dev",
            "parameter": [],
            "tags": {
              "Environment": "dev",
              "ManagedBy": "terraform",
              "Project": "ai-bill-splitter"
            },
            "tags_all": {
              "Environment": "dev",
              "ManagedBy": "terraform",
              "Project": "ai-bill-splitter"
            }
          },
          "sensitive_attributes": [],
          "private": "bnVsbA=="
        }
      ]
    },
    {
      "module": "module.aws",
      "mode": "managed",
      "type": "aws_elasticache_replication_group",
      "name": "main",
      "provider": "provider[\"registry.terraform.io/hashicorp/aws\"]",
      "instances": [
        {
          "schema_version": 2,
          "attributes": {
            "apply_immediately": null,
            "arn": "arn:aws:elasticache:ap-southeast-1:323146837282:replicationgroup:ai-bill-splitter-dev",
            "at_rest_encryption_enabled": "true",
            "auth_token": "",
            "auth_token_update_strategy": "ROTATE",
            "auto_minor_version_upgrade": "true",
            "automatic_failover_enabled": false,
            "cluster_enabled": false,
            "cluster_mode": "disabled",
            "configuration_endpoint_address": null,
            "data_tiering_enabled": false,
            "description": "Redis cluster for ai-bill-splitter",
            "engine": "redis",
            "engine_version": "7.0",
            "engine_version_actual": "7.0.7",
            "final_snapshot_identifier": null,
            "global_replication_group_id": null,
            "id": "ai-bill-splitter-dev",
            "ip_discovery": "ipv4",
            "kms_key_id": "",
            "log_delivery_configuration": [],
            "maintenance_window": "fri:15:30-fri:16:30",
            "member_clusters": [
              "ai-bill-splitter-dev-001"
            ],
            "multi_az_enabled": false,
            "network_type": "ipv4",
            "node_type": "cache.t3.micro",
            "notification_topic_arn": null,
            "num_cache_clusters": 1,
            "num_node_groups": 1,
            "parameter_group_name": "ai-bill-splitter-dev",
            "port": 6379,
            "preferred_cache_cluster_azs": null,
            "primary_endpoint_address": "master.ai-bill-splitter-dev.ejbfdw.apse1.cache.amazonaws.com",
            "reader_endpoint_address": "replica.ai-bill-splitter-dev.ejbfdw.apse1.cache.amazonaws.com",
            "replicas_per_node_group": 0,
            "replication_group_id": "ai-bill-splitter-dev",
            "security_group_ids": [
              "sg-0b25c8c938b74230f"
            ],
            "security_group_names": [],
            "snapshot_arns": null,
            "snapshot_name": null,
            "snapshot_retention_limit": 0,
            "snapshot_window": "17:30-18:30",
            "subnet_group_name": "ai-bill-splitter-dev",
            "tags": {
              "Environment": "dev",
              "ManagedBy": "terraform",
              "Project": "ai-bill-splitter"
            },
            "tags_all": {
              "Environment": "dev",
              "ManagedBy": "terraform",
              "Project": "ai-bill-splitter"
            },
            "timeouts": null,
            "transit_encryption_enabled": true,
            "transit_encryption_mode": "required",
            "user_group_ids": []
          },
          "sensitive_attributes": [
            [
              {
                "type": "get_attr",
                "value": "auth_token"
              }
            ]
          ],
          "private": "eyJlMmJmYjczMC1lY2FhLTExZTYtOGY4OC0zNDM2M2JjN2M0YzAiOnsiY3JlYXRlIjozNjAwMDAwMDAwMDAwLCJkZWxldGUiOjI3MDAwMDAwMDAwMDAsInVwZGF0ZSI6MjQwMDAwMDAwMDAwMH0sInNjaGVtYV92ZXJzaW9uIjoiMiJ9",
          "dependencies": [
            "module.aws.aws_elasticache_parameter_group.main",
            "module.aws.aws_elasticache_subnet_group.main",
            "module.aws.aws_security_group.lambda",
            "module.aws.aws_security_group.redis",
            "module.aws.aws_subnet.private_a",
            "module.aws.aws_subnet.private_b",
            "module.aws.aws_vpc.main",
            "module.aws.data.aws_availability_zones.available"
          ]
        }
      ]
    },
    {
      "module": "module.aws",
      "mode": "managed",
      "type": "aws_elasticache_subnet_group",
      "name": "main",
      "provider": "provider[\"registry.terraform.io/hashicorp/aws\"]",
      "instances": [
        {
          "schema_version": 0,
          "attributes": {
            "arn": "arn:aws:elasticache:ap-southeast-1:323146837282:subnetgroup:ai-bill-splitter-dev",
            "description": "Managed by Terraform",
            "id": "ai-bill-splitter-dev",
            "name": "ai-bill-splitter-dev",
            "subnet_ids": [
              "subnet-09935041c9000e766",
              "subnet-0b712cf50a34eabfa"
            ],
            "tags": {
              "Environment": "dev",
              "ManagedBy": "terraform",
              "Project": "ai-bill-splitter"
            },
            "tags_all": {
              "Environment": "dev",
              "ManagedBy": "terraform",
              "Project": "ai-bill-splitter"
            },
            "vpc_id": "vpc-0b219e7458d3af6e5"
          },
          "sensitive_attributes": [],
          "private": "bnVsbA==",
          "dependencies": [
            "module.aws.aws_subnet.private_a",
            "module.aws.aws_subnet.private_b",
            "module.aws.aws_vpc.main",
            "module.aws.data.aws_availability_zones.available"
          ]
        }
      ]
    },
    {
      "module": "module.aws",
      "mode": "managed",
      "type": "aws_iam_policy",
      "name": "bedrock",
      "provider": "provider[\"registry.terraform.io/hashicorp/aws\"]",
      "instances": [
        {
          "schema_version": 0,
          "attributes": {
            "arn": "arn:aws:iam::323146837282:policy/ai-bill-splitter-bedrock-20260425104310738900000003",
            "attachment_count": 1,
            "description": "",
            "id": "arn:aws:iam::323146837282:policy/ai-bill-splitter-bedrock-20260425104310738900000003",
            "name": "ai-bill-splitter-bedrock-20260425104310738900000003",
            "name_prefix": "ai-bill-splitter-bedrock-",
            "path": "/",
            "policy": "{\"Statement\":[{\"Action\":[\"bedrock:InvokeModelWithResponseStream\",\"bedrock:InvokeModel\"],\"Effect\":\"Allow\",\"Resource\":\"arn:aws:bedrock:*::foundation-model/anthropic.claude-3-5-sonnet-*\",\"Sid\":\"BedrockInvokeModel\"}],\"Version\":\"2012-10-17\"}",
            "policy_id": "ANPAUWPINNURBAMF7PCNG",
            "tags": {
              "Environment": "dev",
              "ManagedBy": "terraform",
              "Project": "ai-bill-splitter"
            },
            "tags_all": {
              "Environment": "dev",
              "ManagedBy": "terraform",
              "Project": "ai-bill-splitter"
            }
          },
          "sensitive_attributes": [],
          "private": "bnVsbA==",
          "dependencies": [
            "module.aws.data.aws_iam_policy_document.bedrock"
          ]
        }
      ]
    },
    {
      "module": "module.aws",
      "mode": "managed",
      "type": "aws_iam_policy",
      "name": "cloudwatch",
      "provider": "provider[\"registry.terraform.io/hashicorp/aws\"]",
      "instances": [
        {
          "schema_version": 0,
          "attributes": {
            "arn": "arn:aws:iam::323146837282:policy/ai-bill-splitter-cloudwatch-20260425104310738300000001",
            "attachment_count": 1,
            "description": "",
            "id": "arn:aws:iam::323146837282:policy/ai-bill-splitter-cloudwatch-20260425104310738300000001",
            "name": "ai-bill-splitter-cloudwatch-20260425104310738300000001",
            "name_prefix": "ai-bill-splitter-cloudwatch-",
            "path": "/",
            "policy": "{\"Statement\":[{\"Action\":[\"logs:PutLogEvents\",\"logs:CreateLogStream\",\"logs:CreateLogGroup\"],\"Effect\":\"Allow\",\"Resource\":\"arn:aws:logs:*:*:log-group:/aws/lambda/ai-bill-splitter-*\",\"Sid\":\"CloudWatchLogs\"}],\"Version\":\"2012-10-17\"}",
            "policy_id": "ANPAUWPINNURLBFCMTDBC",
            "tags": {
              "Environment": "dev",
              "ManagedBy": "terraform",
              "Project": "ai-bill-splitter"
            },
            "tags_all": {
              "Environment": "dev",
              "ManagedBy": "terraform",
              "Project": "ai-bill-splitter"
            }
          },
          "sensitive_attributes": [],
          "private": "bnVsbA==",
          "dependencies": [
            "module.aws.data.aws_iam_policy_document.cloudwatch"
          ]
        }
      ]
    },
    {
      "module": "module.aws",
      "mode": "managed",
      "type": "aws_iam_policy",
      "name": "elasticache",
      "provider": "provider[\"registry.terraform.io/hashicorp/aws\"]",
      "instances": [
        {
          "schema_version": 0,
          "attributes": {
            "arn": "arn:aws:iam::323146837282:policy/ai-bill-splitter-elasticache-20260425105200200600000010",
            "attachment_count": 1,
            "description": "",
            "id": "arn:aws:iam::323146837282:policy/ai-bill-splitter-elasticache-20260425105200200600000010",
            "name": "ai-bill-splitter-elasticache-20260425105200200600000010",
            "name_prefix": "ai-bill-splitter-elasticache-",
            "path": "/",
            "policy": "{\"Statement\":[{\"Action\":\"elasticache:*\",\"Effect\":\"Allow\",\"Resource\":\"arn:aws:elasticache:ap-southeast-1:323146837282:replicationgroup:ai-bill-splitter-dev\",\"Sid\":\"ElastiCacheAccess\"}],\"Version\":\"2012-10-17\"}",
            "policy_id": "ANPAUWPINNURIJVCILKA2",
            "tags": {
              "Environment": "dev",
              "ManagedBy": "terraform",
              "Project": "ai-bill-splitter"
            },
            "tags_all": {
              "Environment": "dev",
              "ManagedBy": "terraform",
              "Project": "ai-bill-splitter"
            }
          },
          "sensitive_attributes": [],
          "private": "bnVsbA==",
          "dependencies": [
            "module.aws.aws_elasticache_parameter_group.main",
            "module.aws.aws_elasticache_replication_group.main",
            "module.aws.aws_elasticache_subnet_group.main",
            "module.aws.aws_security_group.lambda",
            "module.aws.aws_security_group.redis",
            "module.aws.aws_subnet.private_a",
            "module.aws.aws_subnet.private_b",
            "module.aws.aws_vpc.main",
            "module.aws.data.aws_availability_zones.available",
            "module.aws.data.aws_iam_policy_document.elasticache"
          ]
        }
      ]
    },
    {
      "module": "module.aws",
      "mode": "managed",
      "type": "aws_iam_role",
      "name": "lambda_execution",
      "provider": "provider[\"registry.terraform.io/hashicorp/aws\"]",
      "instances": [
        {
          "schema_version": 0,
          "attributes": {
            "arn": "arn:aws:iam::323146837282:role/ai-bill-splitter-lambda-20260425104310738900000002",
            "assume_role_policy": "{\"Statement\":[{\"Action\":\"sts:AssumeRole\",\"Effect\":\"Allow\",\"Principal\":{\"Service\":\"lambda.amazonaws.com\"}}],\"Version\":\"2012-10-17\"}",
            "create_date": "2026-04-25T10:43:11Z",
            "description": "",
            "force_detach_policies": false,
            "id": "ai-bill-splitter-lambda-20260425104310738900000002",
            "inline_policy": [],
            "managed_policy_arns": [
              "arn:aws:iam::323146837282:policy/ai-bill-splitter-bedrock-20260425104310738900000003",
              "arn:aws:iam::323146837282:policy/ai-bill-splitter-cloudwatch-20260425104310738300000001",
              "arn:aws:iam::323146837282:policy/ai-bill-splitter-elasticache-20260425105200200600000010",
              "arn:aws:iam::323146837282:policy/ai-bill-splitter-s3-20260425104313744600000007",
              "arn:aws:iam::aws:policy/service-role/AWSLambdaVPCAccessExecutionRole"
            ],
            "max_session_duration": 3600,
            "name": "ai-bill-splitter-lambda-20260425104310738900000002",
            "name_prefix": "ai-bill-splitter-lambda-",
            "path": "/",
            "permissions_boundary": "",
            "tags": {
              "Environment": "dev",
              "ManagedBy": "terraform",
              "Project": "ai-bill-splitter"
            },
            "tags_all": {
              "Environment": "dev",
              "ManagedBy": "terraform",
              "Project": "ai-bill-splitter"
            },
            "unique_id": "AROAUWPINNURBBVQUTJVF"
          },
          "sensitive_attributes": [],
          "private": "bnVsbA=="
        }
      ]
    },
    {
      "module": "module.aws",
      "mode": "managed",
      "type": "aws_iam_role_policy_attachment",
      "name": "lambda_bedrock",
      "provider": "provider[\"registry.terraform.io/hashicorp/aws\"]",
      "instances": [
        {
          "schema_version": 0,
          "attributes": {
            "id": "ai-bill-splitter-lambda-20260425104310738900000002-20260425104313336800000004",
            "policy_arn": "arn:aws:iam::323146837282:policy/ai-bill-splitter-bedrock-20260425104310738900000003",
            "role": "ai-bill-splitter-lambda-20260425104310738900000002"
          },
          "sensitive_attributes": [],
          "private": "bnVsbA==",
          "dependencies": [
            "module.aws.aws_iam_policy.bedrock",
            "module.aws.aws_iam_role.lambda_execution",
            "module.aws.data.aws_iam_policy_document.bedrock"
          ]
        }
      ]
    },
    {
      "module": "module.aws",
      "mode": "managed",
      "type": "aws_iam_role_policy_attachment",
      "name": "lambda_cloudwatch",
      "provider": "provider[\"registry.terraform.io/hashicorp/aws\"]",
      "instances": [
        {
          "schema_version": 0,
          "attributes": {
            "id": "ai-bill-splitter-lambda-20260425104310738900000002-20260425104313370400000006",
            "policy_arn": "arn:aws:iam::323146837282:policy/ai-bill-splitter-cloudwatch-20260425104310738300000001",
            "role": "ai-bill-splitter-lambda-20260425104310738900000002"
          },
          "sensitive_attributes": [],
          "private": "bnVsbA==",
          "dependencies": [
            "module.aws.aws_iam_policy.cloudwatch",
            "module.aws.aws_iam_role.lambda_execution",
            "module.aws.data.aws_iam_policy_document.cloudwatch"
          ]
        }
      ]
    },
    {
      "module": "module.aws",
      "mode": "managed",
      "type": "aws_iam_role_policy_attachment",
      "name": "lambda_elasticache",
      "provider": "provider[\"registry.terraform.io/hashicorp/aws\"]",
      "instances": [
        {
          "schema_version": 0,
          "attributes": {
            "id": "ai-bill-splitter-lambda-20260425104310738900000002-20260425105202664500000011",
            "policy_arn": "arn:aws:iam::323146837282:policy/ai-bill-splitter-elasticache-20260425105200200600000010",
            "role": "ai-bill-splitter-lambda-20260425104310738900000002"
          },
          "sensitive_attributes": [],
          "private": "bnVsbA==",
          "dependencies": [
            "module.aws.aws_elasticache_parameter_group.main",
            "module.aws.aws_elasticache_replication_group.main",
            "module.aws.aws_elasticache_subnet_group.main",
            "module.aws.aws_iam_policy.elasticache",
            "module.aws.aws_iam_role.lambda_execution",
            "module.aws.aws_security_group.lambda",
            "module.aws.aws_security_group.redis",
            "module.aws.aws_subnet.private_a",
            "module.aws.aws_subnet.private_b",
            "module.aws.aws_vpc.main",
            "module.aws.data.aws_availability_zones.available",
            "module.aws.data.aws_iam_policy_document.elasticache"
          ]
        }
      ]
    },
    {
      "module": "module.aws",
      "mode": "managed",
      "type": "aws_iam_role_policy_attachment",
      "name": "lambda_vpc_access",
      "provider": "provider[\"registry.terraform.io/hashicorp/aws\"]",
      "instances": [
        {
          "schema_version": 0,
          "attributes": {
            "id": "ai-bill-splitter-lambda-20260425104310738900000002-20260425104313346900000005",
            "policy_arn": "arn:aws:iam::aws:policy/service-role/AWSLambdaVPCAccessExecutionRole",
            "role": "ai-bill-splitter-lambda-20260425104310738900000002"
          },
          "sensitive_attributes": [],
          "private": "bnVsbA==",
          "dependencies": [
            "module.aws.aws_iam_role.lambda_execution"
          ]
        }
      ]
    },
    {
      "module": "module.aws",
      "mode": "managed",
      "type": "aws_internet_gateway",
      "name": "main",
      "provider": "provider[\"registry.terraform.io/hashicorp/aws\"]",
      "instances": [
        {
          "schema_version": 0,
          "attributes": {
            "arn": "arn:aws:ec2:ap-southeast-1:323146837282:internet-gateway/igw-000746fc89eea04c9",
            "id": "igw-000746fc89eea04c9",
            "owner_id": "323146837282",
            "tags": {
              "Environment": "dev",
              "ManagedBy": "terraform",
              "Name": "ai-bill-splitter-dev",
              "Project": "ai-bill-splitter"
            },
            "tags_all": {
              "Environment": "dev",
              "ManagedBy": "terraform",
              "Name": "ai-bill-splitter-dev",
              "Project": "ai-bill-splitter"
            },
            "timeouts": null,
            "vpc_id": "vpc-0b219e7458d3af6e5"
          },
          "sensitive_attributes": [],
          "private": "eyJlMmJmYjczMC1lY2FhLTExZTYtOGY4OC0zNDM2M2JjN2M0YzAiOnsiY3JlYXRlIjoxMjAwMDAwMDAwMDAwLCJkZWxldGUiOjEyMDAwMDAwMDAwMDAsInVwZGF0ZSI6MTIwMDAwMDAwMDAwMH19",
          "dependencies": [
            "module.aws.aws_vpc.main"
          ]
        }
      ]
    },
    {
      "module": "module.aws",
      "mode": "managed",
      "type": "aws_lambda_function",
      "name": "functions",
      "provider": "provider[\"registry.terraform.io/hashicorp/aws\"]",
      "instances": [
        {
          "index_key": "manual-split",
          "schema_version": 0,
          "attributes": {
            "architectures": [
              "x86_64"
            ],
            "arn": "arn:aws:lambda:ap-southeast-1:323146837282:function:ai-bill-splitter-manual-split-dev",
            "code_sha256": "SAQBlyDosKwJPAy5GAilJJ9DAQkKtXw/fPkdMFLGGUg=",
            "code_signing_config_arn": "",
            "dead_letter_config": [],
            "description": "",
            "environment": [
              {
                "variables": {
                  "BEDROCK_MODEL_ID": "anthropic.claude-3-5-sonnet-20241022-v2:0",
                  "ENVIRONMENT": "dev",
                  "OSS_BUCKET": "ai-bill-splitter-receipts-dev",
                  "OSS_ENDPOINT": "oss-ap-southeast-3.aliyuncs.com",
                  "REDIS_URL": "redis://master.ai-bill-splitter-dev.ejbfdw.apse1.cache.amazonaws.com:6379"
                }
              }
            ],
            "ephemeral_storage": [
              {
                "size": 512
              }
            ],
            "file_system_config": [],
            "filename": "modules/aws/dummy_lambda.zip",
            "function_name": "ai-bill-splitter-manual-split-dev",
            "handler": "app.handler",
            "id": "ai-bill-splitter-manual-split-dev",
            "image_config": [],
            "image_uri": "",
            "invoke_arn": "arn:aws:apigateway:ap-southeast-1:lambda:path/2015-03-31/functions/arn:aws:lambda:ap-southeast-1:323146837282:function:ai-bill-splitter-manual-split-dev/invocations",
            "kms_key_arn": "",
            "last_modified": "2026-04-25T11:13:36.000+0000",
            "layers": [],
            "logging_config": [
              {
                "application_log_level": "",
                "log_format": "Text",
                "log_group": "/aws/lambda/ai-bill-splitter-manual-split-dev",
                "system_log_level": ""
              }
            ],
            "memory_size": 256,
            "package_type": "Zip",
            "publish": false,
            "qualified_arn": "arn:aws:lambda:ap-southeast-1:323146837282:function:ai-bill-splitter-manual-split-dev:$LATEST",
            "qualified_invoke_arn": "arn:aws:apigateway:ap-southeast-1:lambda:path/2015-03-31/functions/arn:aws:lambda:ap-southeast-1:323146837282:function:ai-bill-splitter-manual-split-dev:$LATEST/invocations",
            "replace_security_groups_on_destroy": null,
            "replacement_security_group_ids": null,
            "reserved_concurrent_executions": -1,
            "role": "arn:aws:iam::323146837282:role/ai-bill-splitter-lambda-20260425104310738900000002",
            "runtime": "python3.12",
            "s3_bucket": null,
            "s3_key": null,
            "s3_object_version": null,
            "signing_job_arn": "",
            "signing_profile_version_arn": "",
            "skip_destroy": false,
            "snap_start": [],
            "source_code_hash": "SAQBlyDosKwJPAy5GAilJJ9DAQkKtXw/fPkdMFLGGUg=",
            "source_code_size": 206,
            "tags": {
              "Environment": "dev",
              "ManagedBy": "terraform",
              "Project": "ai-bill-splitter"
            },
            "tags_all": {
              "Environment": "dev",
              "ManagedBy": "terraform",
              "Project": "ai-bill-splitter"
            },
            "timeout": 30,
            "timeouts": null,
            "tracing_config": [
              {
                "mode": "PassThrough"
              }
            ],
            "version": "$LATEST",
            "vpc_config": [
              {
                "ipv6_allowed_for_dual_stack": false,
                "security_group_ids": [
                  "sg-0cd31bd474c30eb13"
                ],
                "subnet_ids": [
                  "subnet-09935041c9000e766",
                  "subnet-0b712cf50a34eabfa"
                ],
                "vpc_id": "vpc-0b219e7458d3af6e5"
              }
            ]
          },
          "sensitive_attributes": [],
          "private": "eyJlMmJmYjczMC1lY2FhLTExZTYtOGY4OC0zNDM2M2JjN2M0YzAiOnsiY3JlYXRlIjo2MDAwMDAwMDAwMDAsImRlbGV0ZSI6NjAwMDAwMDAwMDAwLCJ1cGRhdGUiOjYwMDAwMDAwMDAwMH19",
          "dependencies": [
            "module.alicloud.alicloud_oss_bucket.receipts",
            "module.aws.aws_elasticache_parameter_group.main",
            "module.aws.aws_elasticache_replication_group.main",
            "module.aws.aws_elasticache_subnet_group.main",
            "module.aws.aws_iam_role.lambda_execution",
            "module.aws.aws_iam_role_policy_attachment.lambda_vpc_access",
            "module.aws.aws_security_group.lambda",
            "module.aws.aws_security_group.redis",
            "module.aws.aws_subnet.private_a",
            "module.aws.aws_subnet.private_b",
            "module.aws.aws_vpc.main",
            "module.aws.data.archive_file.dummy_lambda",
            "module.aws.data.aws_availability_zones.available"
          ]
        },
        {
          "index_key": "message",
          "schema_version": 0,
          "attributes": {
            "architectures": [
              "x86_64"
            ],
            "arn": "arn:aws:lambda:ap-southeast-1:323146837282:function:ai-bill-splitter-message-dev",
            "code_sha256": "SAQBlyDosKwJPAy5GAilJJ9DAQkKtXw/fPkdMFLGGUg=",
            "code_signing_config_arn": "",
            "dead_letter_config": [],
            "description": "",
            "environment": [
              {
                "variables": {
                  "BEDROCK_MODEL_ID": "anthropic.claude-3-5-sonnet-20241022-v2:0",
                  "ENVIRONMENT": "dev",
                  "OSS_BUCKET": "ai-bill-splitter-receipts-dev",
                  "OSS_ENDPOINT": "oss-ap-southeast-3.aliyuncs.com",
                  "REDIS_URL": "redis://master.ai-bill-splitter-dev.ejbfdw.apse1.cache.amazonaws.com:6379"
                }
              }
            ],
            "ephemeral_storage": [
              {
                "size": 512
              }
            ],
            "file_system_config": [],
            "filename": "modules/aws/dummy_lambda.zip",
            "function_name": "ai-bill-splitter-message-dev",
            "handler": "app.handler",
            "id": "ai-bill-splitter-message-dev",
            "image_config": [],
            "image_uri": "",
            "invoke_arn": "arn:aws:apigateway:ap-southeast-1:lambda:path/2015-03-31/functions/arn:aws:lambda:ap-southeast-1:323146837282:function:ai-bill-splitter-message-dev/invocations",
            "kms_key_arn": "",
            "last_modified": "2026-04-25T11:13:36.000+0000",
            "layers": [],
            "logging_config": [
              {
                "application_log_level": "",
                "log_format": "Text",
                "log_group": "/aws/lambda/ai-bill-splitter-message-dev",
                "system_log_level": ""
              }
            ],
            "memory_size": 256,
            "package_type": "Zip",
            "publish": false,
            "qualified_arn": "arn:aws:lambda:ap-southeast-1:323146837282:function:ai-bill-splitter-message-dev:$LATEST",
            "qualified_invoke_arn": "arn:aws:apigateway:ap-southeast-1:lambda:path/2015-03-31/functions/arn:aws:lambda:ap-southeast-1:323146837282:function:ai-bill-splitter-message-dev:$LATEST/invocations",
            "replace_security_groups_on_destroy": null,
            "replacement_security_group_ids": null,
            "reserved_concurrent_executions": -1,
            "role": "arn:aws:iam::323146837282:role/ai-bill-splitter-lambda-20260425104310738900000002",
            "runtime": "python3.12",
            "s3_bucket": null,
            "s3_key": null,
            "s3_object_version": null,
            "signing_job_arn": "",
            "signing_profile_version_arn": "",
            "skip_destroy": false,
            "snap_start": [],
            "source_code_hash": "SAQBlyDosKwJPAy5GAilJJ9DAQkKtXw/fPkdMFLGGUg=",
            "source_code_size": 206,
            "tags": {
              "Environment": "dev",
              "ManagedBy": "terraform",
              "Project": "ai-bill-splitter"
            },
            "tags_all": {
              "Environment": "dev",
              "ManagedBy": "terraform",
              "Project": "ai-bill-splitter"
            },
            "timeout": 30,
            "timeouts": null,
            "tracing_config": [
              {
                "mode": "PassThrough"
              }
            ],
            "version": "$LATEST",
            "vpc_config": [
              {
                "ipv6_allowed_for_dual_stack": false,
                "security_group_ids": [
                  "sg-0cd31bd474c30eb13"
                ],
                "subnet_ids": [
                  "subnet-09935041c9000e766",
                  "subnet-0b712cf50a34eabfa"
                ],
                "vpc_id": "vpc-0b219e7458d3af6e5"
              }
            ]
          },
          "sensitive_attributes": [],
          "private": "eyJlMmJmYjczMC1lY2FhLTExZTYtOGY4OC0zNDM2M2JjN2M0YzAiOnsiY3JlYXRlIjo2MDAwMDAwMDAwMDAsImRlbGV0ZSI6NjAwMDAwMDAwMDAwLCJ1cGRhdGUiOjYwMDAwMDAwMDAwMH19",
          "dependencies": [
            "module.alicloud.alicloud_oss_bucket.receipts",
            "module.aws.aws_elasticache_parameter_group.main",
            "module.aws.aws_elasticache_replication_group.main",
            "module.aws.aws_elasticache_subnet_group.main",
            "module.aws.aws_iam_role.lambda_execution",
            "module.aws.aws_iam_role_policy_attachment.lambda_vpc_access",
            "module.aws.aws_security_group.lambda",
            "module.aws.aws_security_group.redis",
            "module.aws.aws_subnet.private_a",
            "module.aws.aws_subnet.private_b",
            "module.aws.aws_vpc.main",
            "module.aws.data.archive_file.dummy_lambda",
            "module.aws.data.aws_availability_zones.available"
          ]
        },
        {
          "index_key": "ocr",
          "schema_version": 0,
          "attributes": {
            "architectures": [
              "x86_64"
            ],
            "arn": "arn:aws:lambda:ap-southeast-1:323146837282:function:ai-bill-splitter-ocr-dev",
            "code_sha256": "SAQBlyDosKwJPAy5GAilJJ9DAQkKtXw/fPkdMFLGGUg=",
            "code_signing_config_arn": "",
            "dead_letter_config": [],
            "description": "",
            "environment": [
              {
                "variables": {
                  "BEDROCK_MODEL_ID": "anthropic.claude-3-5-sonnet-20241022-v2:0",
                  "ENVIRONMENT": "dev",
                  "OSS_BUCKET": "ai-bill-splitter-receipts-dev",
                  "OSS_ENDPOINT": "oss-ap-southeast-3.aliyuncs.com",
                  "REDIS_URL": "redis://master.ai-bill-splitter-dev.ejbfdw.apse1.cache.amazonaws.com:6379"
                }
              }
            ],
            "ephemeral_storage": [
              {
                "size": 512
              }
            ],
            "file_system_config": [],
            "filename": "modules/aws/dummy_lambda.zip",
            "function_name": "ai-bill-splitter-ocr-dev",
            "handler": "app.handler",
            "id": "ai-bill-splitter-ocr-dev",
            "image_config": [],
            "image_uri": "",
            "invoke_arn": "arn:aws:apigateway:ap-southeast-1:lambda:path/2015-03-31/functions/arn:aws:lambda:ap-southeast-1:323146837282:function:ai-bill-splitter-ocr-dev/invocations",
            "kms_key_arn": "",
            "last_modified": "2026-04-25T11:13:36.000+0000",
            "layers": [],
            "logging_config": [
              {
                "application_log_level": "",
                "log_format": "Text",
                "log_group": "/aws/lambda/ai-bill-splitter-ocr-dev",
                "system_log_level": ""
              }
            ],
            "memory_size": 512,
            "package_type": "Zip",
            "publish": false,
            "qualified_arn": "arn:aws:lambda:ap-southeast-1:323146837282:function:ai-bill-splitter-ocr-dev:$LATEST",
            "qualified_invoke_arn": "arn:aws:apigateway:ap-southeast-1:lambda:path/2015-03-31/functions/arn:aws:lambda:ap-southeast-1:323146837282:function:ai-bill-splitter-ocr-dev:$LATEST/invocations",
            "replace_security_groups_on_destroy": null,
            "replacement_security_group_ids": null,
            "reserved_concurrent_executions": -1,
            "role": "arn:aws:iam::323146837282:role/ai-bill-splitter-lambda-20260425104310738900000002",
            "runtime": "python3.12",
            "s3_bucket": null,
            "s3_key": null,
            "s3_object_version": null,
            "signing_job_arn": "",
            "signing_profile_version_arn": "",
            "skip_destroy": false,
            "snap_start": [],
            "source_code_hash": "SAQBlyDosKwJPAy5GAilJJ9DAQkKtXw/fPkdMFLGGUg=",
            "source_code_size": 206,
            "tags": {
              "Environment": "dev",
              "ManagedBy": "terraform",
              "Project": "ai-bill-splitter"
            },
            "tags_all": {
              "Environment": "dev",
              "ManagedBy": "terraform",
              "Project": "ai-bill-splitter"
            },
            "timeout": 60,
            "timeouts": null,
            "tracing_config": [
              {
                "mode": "PassThrough"
              }
            ],
            "version": "$LATEST",
            "vpc_config": [
              {
                "ipv6_allowed_for_dual_stack": false,
                "security_group_ids": [
                  "sg-0cd31bd474c30eb13"
                ],
                "subnet_ids": [
                  "subnet-09935041c9000e766",
                  "subnet-0b712cf50a34eabfa"
                ],
                "vpc_id": "vpc-0b219e7458d3af6e5"
              }
            ]
          },
          "sensitive_attributes": [],
          "private": "eyJlMmJmYjczMC1lY2FhLTExZTYtOGY4OC0zNDM2M2JjN2M0YzAiOnsiY3JlYXRlIjo2MDAwMDAwMDAwMDAsImRlbGV0ZSI6NjAwMDAwMDAwMDAwLCJ1cGRhdGUiOjYwMDAwMDAwMDAwMH19",
          "dependencies": [
            "module.alicloud.alicloud_oss_bucket.receipts",
            "module.aws.aws_elasticache_parameter_group.main",
            "module.aws.aws_elasticache_replication_group.main",
            "module.aws.aws_elasticache_subnet_group.main",
            "module.aws.aws_iam_role.lambda_execution",
            "module.aws.aws_iam_role_policy_attachment.lambda_vpc_access",
            "module.aws.aws_security_group.lambda",
            "module.aws.aws_security_group.redis",
            "module.aws.aws_subnet.private_a",
            "module.aws.aws_subnet.private_b",
            "module.aws.aws_vpc.main",
            "module.aws.data.archive_file.dummy_lambda",
            "module.aws.data.aws_availability_zones.available"
          ]
        }
      ]
    },
    {
      "module": "module.aws",
      "mode": "managed",
      "type": "aws_lambda_permission",
      "name": "api_gateway",
      "provider": "provider[\"registry.terraform.io/hashicorp/aws\"]",
      "instances": [
        {
          "index_key": "manual-split",
          "schema_version": 0,
          "attributes": {
            "action": "lambda:InvokeFunction",
            "event_source_token": null,
            "function_name": "ai-bill-splitter-manual-split-dev",
            "function_url_auth_type": null,
            "id": "AllowAPIGatewayInvoke-manual-split",
            "principal": "apigateway.amazonaws.com",
            "principal_org_id": null,
            "qualifier": "",
            "source_account": null,
            "source_arn": "arn:aws:execute-api:ap-southeast-1:323146837282:tkvr1hkshh/*/*",
            "statement_id": "AllowAPIGatewayInvoke-manual-split",
            "statement_id_prefix": ""
          },
          "sensitive_attributes": [],
          "private": "bnVsbA==",
          "dependencies": [
            "module.alicloud.alicloud_oss_bucket.receipts",
            "module.aws.aws_apigatewayv2_api.main",
            "module.aws.aws_elasticache_parameter_group.main",
            "module.aws.aws_elasticache_replication_group.main",
            "module.aws.aws_elasticache_subnet_group.main",
            "module.aws.aws_iam_role.lambda_execution",
            "module.aws.aws_iam_role_policy_attachment.lambda_vpc_access",
            "module.aws.aws_lambda_function.functions",
            "module.aws.aws_security_group.lambda",
            "module.aws.aws_security_group.redis",
            "module.aws.aws_subnet.private_a",
            "module.aws.aws_subnet.private_b",
            "module.aws.aws_vpc.main",
            "module.aws.data.archive_file.dummy_lambda",
            "module.aws.data.aws_availability_zones.available"
          ]
        },
        {
          "index_key": "message",
          "schema_version": 0,
          "attributes": {
            "action": "lambda:InvokeFunction",
            "event_source_token": null,
            "function_name": "ai-bill-splitter-message-dev",
            "function_url_auth_type": null,
            "id": "AllowAPIGatewayInvoke-message",
            "principal": "apigateway.amazonaws.com",
            "principal_org_id": null,
            "qualifier": "",
            "source_account": null,
            "source_arn": "arn:aws:execute-api:ap-southeast-1:323146837282:tkvr1hkshh/*/*",
            "statement_id": "AllowAPIGatewayInvoke-message",
            "statement_id_prefix": ""
          },
          "sensitive_attributes": [],
          "private": "bnVsbA==",
          "dependencies": [
            "module.alicloud.alicloud_oss_bucket.receipts",
            "module.aws.aws_apigatewayv2_api.main",
            "module.aws.aws_elasticache_parameter_group.main",
            "module.aws.aws_elasticache_replication_group.main",
            "module.aws.aws_elasticache_subnet_group.main",
            "module.aws.aws_iam_role.lambda_execution",
            "module.aws.aws_iam_role_policy_attachment.lambda_vpc_access",
            "module.aws.aws_lambda_function.functions",
            "module.aws.aws_security_group.lambda",
            "module.aws.aws_security_group.redis",
            "module.aws.aws_subnet.private_a",
            "module.aws.aws_subnet.private_b",
            "module.aws.aws_vpc.main",
            "module.aws.data.archive_file.dummy_lambda",
            "module.aws.data.aws_availability_zones.available"
          ]
        },
        {
          "index_key": "ocr",
          "schema_version": 0,
          "attributes": {
            "action": "lambda:InvokeFunction",
            "event_source_token": null,
            "function_name": "ai-bill-splitter-ocr-dev",
            "function_url_auth_type": null,
            "id": "AllowAPIGatewayInvoke-ocr",
            "principal": "apigateway.amazonaws.com",
            "principal_org_id": null,
            "qualifier": "",
            "source_account": null,
            "source_arn": "arn:aws:execute-api:ap-southeast-1:323146837282:tkvr1hkshh/*/*",
            "statement_id": "AllowAPIGatewayInvoke-ocr",
            "statement_id_prefix": ""
          },
          "sensitive_attributes": [],
          "private": "bnVsbA==",
          "dependencies": [
            "module.alicloud.alicloud_oss_bucket.receipts",
            "module.aws.aws_apigatewayv2_api.main",
            "module.aws.aws_elasticache_parameter_group.main",
            "module.aws.aws_elasticache_replication_group.main",
            "module.aws.aws_elasticache_subnet_group.main",
            "module.aws.aws_iam_role.lambda_execution",
            "module.aws.aws_iam_role_policy_attachment.lambda_vpc_access",
            "module.aws.aws_lambda_function.functions",
            "module.aws.aws_security_group.lambda",
            "module.aws.aws_security_group.redis",
            "module.aws.aws_subnet.private_a",
            "module.aws.aws_subnet.private_b",
            "module.aws.aws_vpc.main",
            "module.aws.data.archive_file.dummy_lambda",
            "module.aws.data.aws_availability_zones.available"
          ]
        }
      ]
    },
    {
      "module": "module.aws",
      "mode": "managed",
      "type": "aws_nat_gateway",
      "name": "main",
      "provider": "provider[\"registry.terraform.io/hashicorp/aws\"]",
      "instances": [
        {
          "schema_version": 0,
          "attributes": {
            "allocation_id": "eipalloc-00d04992e2ae3f4b1",
            "association_id": "eipassoc-091e245df23a375af",
            "connectivity_type": "public",
            "id": "nat-0f196daa895257743",
            "network_interface_id": "eni-08bc9988b36d9079c",
            "private_ip": "10.10.1.166",
            "public_ip": "18.142.156.24",
            "secondary_allocation_ids": [],
            "secondary_private_ip_address_count": 0,
            "secondary_private_ip_addresses": [],
            "subnet_id": "subnet-08d15031e1cc0bdb9",
            "tags": {
              "Environment": "dev",
              "ManagedBy": "terraform",
              "Name": "ai-bill-splitter-dev",
              "Project": "ai-bill-splitter"
            },
            "tags_all": {
              "Environment": "dev",
              "ManagedBy": "terraform",
              "Name": "ai-bill-splitter-dev",
              "Project": "ai-bill-splitter"
            },
            "timeouts": null
          },
          "sensitive_attributes": [],
          "private": "eyJlMmJmYjczMC1lY2FhLTExZTYtOGY4OC0zNDM2M2JjN2M0YzAiOnsiY3JlYXRlIjo2MDAwMDAwMDAwMDAsImRlbGV0ZSI6MTgwMDAwMDAwMDAwMCwidXBkYXRlIjo2MDAwMDAwMDAwMDB9fQ==",
          "dependencies": [
            "module.aws.aws_eip.nat",
            "module.aws.aws_internet_gateway.main",
            "module.aws.aws_subnet.public_a",
            "module.aws.aws_vpc.main",
            "module.aws.data.aws_availability_zones.available"
          ]
        }
      ]
    },
    {
      "module": "module.aws",
      "mode": "managed",
      "type": "aws_route_table",
      "name": "private",
      "provider": "provider[\"registry.terraform.io/hashicorp/aws\"]",
      "instances": [
        {
          "schema_version": 0,
          "attributes": {
            "arn": "arn:aws:ec2:ap-southeast-1:323146837282:route-table/rtb-0512456d518217240",
            "id": "rtb-0512456d518217240",
            "owner_id": "323146837282",
            "propagating_vgws": [
              "vgw-05b80602a69705a6b"
            ],
            "route": [
              {
                "carrier_gateway_id": "",
                "cidr_block": "0.0.0.0/0",
                "core_network_arn": "",
                "destination_prefix_list_id": "",
                "egress_only_gateway_id": "",
                "gateway_id": "",
                "ipv6_cidr_block": "",
                "local_gateway_id": "",
                "nat_gateway_id": "nat-0f196daa895257743",
                "network_interface_id": "",
                "transit_gateway_id": "",
                "vpc_endpoint_id": "",
                "vpc_peering_connection_id": ""
              },
              {
                "carrier_gateway_id": "",
                "cidr_block": "10.20.0.0/16",
                "core_network_arn": "",
                "destination_prefix_list_id": "",
                "egress_only_gateway_id": "",
                "gateway_id": "vgw-05b80602a69705a6b",
                "ipv6_cidr_block": "",
                "local_gateway_id": "",
                "nat_gateway_id": "",
                "network_interface_id": "",
                "transit_gateway_id": "",
                "vpc_endpoint_id": "",
                "vpc_peering_connection_id": ""
              }
            ],
            "tags": {
              "Environment": "dev",
              "ManagedBy": "terraform",
              "Name": "ai-bill-splitter-private",
              "Project": "ai-bill-splitter"
            },
            "tags_all": {
              "Environment": "dev",
              "ManagedBy": "terraform",
              "Name": "ai-bill-splitter-private",
              "Project": "ai-bill-splitter"
            },
            "timeouts": null,
            "vpc_id": "vpc-0b219e7458d3af6e5"
          },
          "sensitive_attributes": [],
          "private": "eyJlMmJmYjczMC1lY2FhLTExZTYtOGY4OC0zNDM2M2JjN2M0YzAiOnsiY3JlYXRlIjozMDAwMDAwMDAwMDAsImRlbGV0ZSI6MzAwMDAwMDAwMDAwLCJ1cGRhdGUiOjEyMDAwMDAwMDAwMH19",
          "dependencies": [
            "module.aws.aws_eip.nat",
            "module.aws.aws_internet_gateway.main",
            "module.aws.aws_nat_gateway.main",
            "module.aws.aws_subnet.public_a",
            "module.aws.aws_vpc.main",
            "module.aws.aws_vpn_gateway.main",
            "module.aws.data.aws_availability_zones.available"
          ]
        }
      ]
    },
    {
      "module": "module.aws",
      "mode": "managed",
      "type": "aws_route_table",
      "name": "public",
      "provider": "provider[\"registry.terraform.io/hashicorp/aws\"]",
      "instances": [
        {
          "schema_version": 0,
          "attributes": {
            "arn": "arn:aws:ec2:ap-southeast-1:323146837282:route-table/rtb-0ed0b03028e6e2b3c",
            "id": "rtb-0ed0b03028e6e2b3c",
            "owner_id": "323146837282",
            "propagating_vgws": [],
            "route": [
              {
                "carrier_gateway_id": "",
                "cidr_block": "0.0.0.0/0",
                "core_network_arn": "",
                "destination_prefix_list_id": "",
                "egress_only_gateway_id": "",
                "gateway_id": "igw-000746fc89eea04c9",
                "ipv6_cidr_block": "",
                "local_gateway_id": "",
                "nat_gateway_id": "",
                "network_interface_id": "",
                "transit_gateway_id": "",
                "vpc_endpoint_id": "",
                "vpc_peering_connection_id": ""
              }
            ],
            "tags": {
              "Environment": "dev",
              "ManagedBy": "terraform",
              "Name": "ai-bill-splitter-public",
              "Project": "ai-bill-splitter"
            },
            "tags_all": {
              "Environment": "dev",
              "ManagedBy": "terraform",
              "Name": "ai-bill-splitter-public",
              "Project": "ai-bill-splitter"
            },
            "timeouts": null,
            "vpc_id": "vpc-0b219e7458d3af6e5"
          },
          "sensitive_attributes": [],
          "private": "eyJlMmJmYjczMC1lY2FhLTExZTYtOGY4OC0zNDM2M2JjN2M0YzAiOnsiY3JlYXRlIjozMDAwMDAwMDAwMDAsImRlbGV0ZSI6MzAwMDAwMDAwMDAwLCJ1cGRhdGUiOjEyMDAwMDAwMDAwMH19",
          "dependencies": [
            "module.aws.aws_internet_gateway.main",
            "module.aws.aws_vpc.main"
          ]
        }
      ]
    },
    {
      "module": "module.aws",
      "mode": "managed",
      "type": "aws_route_table_association",
      "name": "private_a",
      "provider": "provider[\"registry.terraform.io/hashicorp/aws\"]",
      "instances": [
        {
          "schema_version": 0,
          "attributes": {
            "gateway_id": "",
            "id": "rtbassoc-016ad3fa44967907c",
            "route_table_id": "rtb-0512456d518217240",
            "subnet_id": "subnet-09935041c9000e766",
            "timeouts": null
          },
          "sensitive_attributes": [],
          "private": "eyJlMmJmYjczMC1lY2FhLTExZTYtOGY4OC0zNDM2M2JjN2M0YzAiOnsiY3JlYXRlIjozMDAwMDAwMDAwMDAsImRlbGV0ZSI6MzAwMDAwMDAwMDAwLCJ1cGRhdGUiOjEyMDAwMDAwMDAwMH19",
          "dependencies": [
            "module.aws.aws_eip.nat",
            "module.aws.aws_internet_gateway.main",
            "module.aws.aws_nat_gateway.main",
            "module.aws.aws_route_table.private",
            "module.aws.aws_subnet.private_a",
            "module.aws.aws_subnet.public_a",
            "module.aws.aws_vpc.main",
            "module.aws.aws_vpn_gateway.main",
            "module.aws.data.aws_availability_zones.available"
          ]
        }
      ]
    },
    {
      "module": "module.aws",
      "mode": "managed",
      "type": "aws_route_table_association",
      "name": "private_b",
      "provider": "provider[\"registry.terraform.io/hashicorp/aws\"]",
      "instances": [
        {
          "schema_version": 0,
          "attributes": {
            "gateway_id": "",
            "id": "rtbassoc-0f932ccfccd32d189",
            "route_table_id": "rtb-0512456d518217240",
            "subnet_id": "subnet-0b712cf50a34eabfa",
            "timeouts": null
          },
          "sensitive_attributes": [],
          "private": "eyJlMmJmYjczMC1lY2FhLTExZTYtOGY4OC0zNDM2M2JjN2M0YzAiOnsiY3JlYXRlIjozMDAwMDAwMDAwMDAsImRlbGV0ZSI6MzAwMDAwMDAwMDAwLCJ1cGRhdGUiOjEyMDAwMDAwMDAwMH19",
          "dependencies": [
            "module.aws.aws_eip.nat",
            "module.aws.aws_internet_gateway.main",
            "module.aws.aws_nat_gateway.main",
            "module.aws.aws_route_table.private",
            "module.aws.aws_subnet.private_b",
            "module.aws.aws_subnet.public_a",
            "module.aws.aws_vpc.main",
            "module.aws.aws_vpn_gateway.main",
            "module.aws.data.aws_availability_zones.available"
          ]
        }
      ]
    },
    {
      "module": "module.aws",
      "mode": "managed",
      "type": "aws_route_table_association",
      "name": "public_a",
      "provider": "provider[\"registry.terraform.io/hashicorp/aws\"]",
      "instances": [
        {
          "schema_version": 0,
          "attributes": {
            "gateway_id": "",
            "id": "rtbassoc-02c5cb2f57b67ddd5",
            "route_table_id": "rtb-0ed0b03028e6e2b3c",
            "subnet_id": "subnet-08d15031e1cc0bdb9",
            "timeouts": null
          },
          "sensitive_attributes": [],
          "private": "eyJlMmJmYjczMC1lY2FhLTExZTYtOGY4OC0zNDM2M2JjN2M0YzAiOnsiY3JlYXRlIjozMDAwMDAwMDAwMDAsImRlbGV0ZSI6MzAwMDAwMDAwMDAwLCJ1cGRhdGUiOjEyMDAwMDAwMDAwMH19",
          "dependencies": [
            "module.aws.aws_internet_gateway.main",
            "module.aws.aws_route_table.public",
            "module.aws.aws_subnet.public_a",
            "module.aws.aws_vpc.main",
            "module.aws.data.aws_availability_zones.available"
          ]
        }
      ]
    },
    {
      "module": "module.aws",
      "mode": "managed",
      "type": "aws_route_table_association",
      "name": "public_b",
      "provider": "provider[\"registry.terraform.io/hashicorp/aws\"]",
      "instances": [
        {
          "schema_version": 0,
          "attributes": {
            "gateway_id": "",
            "id": "rtbassoc-0ea6e0cb4a6197f14",
            "route_table_id": "rtb-0ed0b03028e6e2b3c",
            "subnet_id": "subnet-0942246500636ecfd",
            "timeouts": null
          },
          "sensitive_attributes": [],
          "private": "eyJlMmJmYjczMC1lY2FhLTExZTYtOGY4OC0zNDM2M2JjN2M0YzAiOnsiY3JlYXRlIjozMDAwMDAwMDAwMDAsImRlbGV0ZSI6MzAwMDAwMDAwMDAwLCJ1cGRhdGUiOjEyMDAwMDAwMDAwMH19",
          "dependencies": [
            "module.aws.aws_internet_gateway.main",
            "module.aws.aws_route_table.public",
            "module.aws.aws_subnet.public_b",
            "module.aws.aws_vpc.main",
            "module.aws.data.aws_availability_zones.available"
          ]
        }
      ]
    },
    {
      "module": "module.aws",
      "mode": "managed",
      "type": "aws_security_group",
      "name": "lambda",
      "provider": "provider[\"registry.terraform.io/hashicorp/aws\"]",
      "instances": [
        {
          "schema_version": 1,
          "attributes": {
            "arn": "arn:aws:ec2:ap-southeast-1:323146837282:security-group/sg-0cd31bd474c30eb13",
            "description": "Managed by Terraform",
            "egress": [
              {
                "cidr_blocks": [
                  "0.0.0.0/0"
                ],
                "description": "",
                "from_port": 0,
                "ipv6_cidr_blocks": [],
                "prefix_list_ids": [],
                "protocol": "-1",
                "security_groups": [],
                "self": false,
                "to_port": 0
              }
            ],
            "id": "sg-0cd31bd474c30eb13",
            "ingress": [
              {
                "cidr_blocks": [
                  "10.10.0.0/16"
                ],
                "description": "",
                "from_port": 443,
                "ipv6_cidr_blocks": [],
                "prefix_list_ids": [],
                "protocol": "tcp",
                "security_groups": [],
                "self": false,
                "to_port": 443
              }
            ],
            "name": "ai-bill-splitter-lambda-20260425104322632700000009",
            "name_prefix": "ai-bill-splitter-lambda-",
            "owner_id": "323146837282",
            "revoke_rules_on_delete": false,
            "tags": {
              "Environment": "dev",
              "ManagedBy": "terraform",
              "Name": "ai-bill-splitter-lambda",
              "Project": "ai-bill-splitter"
            },
            "tags_all": {
              "Environment": "dev",
              "ManagedBy": "terraform",
              "Name": "ai-bill-splitter-lambda",
              "Project": "ai-bill-splitter"
            },
            "timeouts": null,
            "vpc_id": "vpc-0b219e7458d3af6e5"
          },
          "sensitive_attributes": [],
          "private": "eyJlMmJmYjczMC1lY2FhLTExZTYtOGY4OC0zNDM2M2JjN2M0YzAiOnsiY3JlYXRlIjo2MDAwMDAwMDAwMDAsImRlbGV0ZSI6OTAwMDAwMDAwMDAwfSwic2NoZW1hX3ZlcnNpb24iOiIxIn0=",
          "dependencies": [
            "module.aws.aws_vpc.main"
          ]
        }
      ]
    },
    {
      "module": "module.aws",
      "mode": "managed",
      "type": "aws_security_group",
      "name": "redis",
      "provider": "provider[\"registry.terraform.io/hashicorp/aws\"]",
      "instances": [
        {
          "schema_version": 1,
          "attributes": {
            "arn": "arn:aws:ec2:ap-southeast-1:323146837282:security-group/sg-0b25c8c938b74230f",
            "description": "Managed by Terraform",
            "egress": [],
            "id": "sg-0b25c8c938b74230f",
            "ingress": [
              {
                "cidr_blocks": [],
                "description": "",
                "from_port": 6379,
                "ipv6_cidr_blocks": [],
                "prefix_list_ids": [],
                "protocol": "tcp",
                "security_groups": [
                  "sg-0cd31bd474c30eb13"
                ],
                "self": false,
                "to_port": 6379
              }
            ],
            "name": "ai-bill-splitter-redis-2026042510432468240000000c",
            "name_prefix": "ai-bill-splitter-redis-",
            "owner_id": "323146837282",
            "revoke_rules_on_delete": false,
            "tags": {
              "Environment": "dev",
              "ManagedBy": "terraform",
              "Name": "ai-bill-splitter-redis",
              "Project": "ai-bill-splitter"
            },
            "tags_all": {
              "Environment": "dev",
              "ManagedBy": "terraform",
              "Name": "ai-bill-splitter-redis",
              "Project": "ai-bill-splitter"
            },
            "timeouts": null,
            "vpc_id": "vpc-0b219e7458d3af6e5"
          },
          "sensitive_attributes": [],
          "private": "eyJlMmJmYjczMC1lY2FhLTExZTYtOGY4OC0zNDM2M2JjN2M0YzAiOnsiY3JlYXRlIjo2MDAwMDAwMDAwMDAsImRlbGV0ZSI6OTAwMDAwMDAwMDAwfSwic2NoZW1hX3ZlcnNpb24iOiIxIn0=",
          "dependencies": [
            "module.aws.aws_security_group.lambda",
            "module.aws.aws_vpc.main"
          ]
        }
      ]
    },
    {
      "module": "module.aws",
      "mode": "managed",
      "type": "aws_subnet",
      "name": "private_a",
      "provider": "provider[\"registry.terraform.io/hashicorp/aws\"]",
      "instances": [
        {
          "schema_version": 1,
          "attributes": {
            "arn": "arn:aws:ec2:ap-southeast-1:323146837282:subnet/subnet-09935041c9000e766",
            "assign_ipv6_address_on_creation": false,
            "availability_zone": "ap-southeast-1a",
            "availability_zone_id": "apse1-az2",
            "cidr_block": "10.10.10.0/24",
            "customer_owned_ipv4_pool": "",
            "enable_dns64": false,
            "enable_lni_at_device_index": 0,
            "enable_resource_name_dns_a_record_on_launch": false,
            "enable_resource_name_dns_aaaa_record_on_launch": false,
            "id": "subnet-09935041c9000e766",
            "ipv6_cidr_block": "",
            "ipv6_cidr_block_association_id": "",
            "ipv6_native": false,
            "map_customer_owned_ip_on_launch": false,
            "map_public_ip_on_launch": false,
            "outpost_arn": "",
            "owner_id": "323146837282",
            "private_dns_hostname_type_on_launch": "ip-name",
            "tags": {
              "Environment": "dev",
              "ManagedBy": "terraform",
              "Name": "ai-bill-splitter-private-a",
              "Project": "ai-bill-splitter",
              "Type": "private"
            },
            "tags_all": {
              "Environment": "dev",
              "ManagedBy": "terraform",
              "Name": "ai-bill-splitter-private-a",
              "Project": "ai-bill-splitter",
              "Type": "private"
            },
            "timeouts": null,
            "vpc_id": "vpc-0b219e7458d3af6e5"
          },
          "sensitive_attributes": [],
          "private": "eyJlMmJmYjczMC1lY2FhLTExZTYtOGY4OC0zNDM2M2JjN2M0YzAiOnsiY3JlYXRlIjo2MDAwMDAwMDAwMDAsImRlbGV0ZSI6MTIwMDAwMDAwMDAwMH0sInNjaGVtYV92ZXJzaW9uIjoiMSJ9",
          "dependencies": [
            "module.aws.aws_vpc.main",
            "module.aws.data.aws_availability_zones.available"
          ]
        }
      ]
    },
    {
      "module": "module.aws",
      "mode": "managed",
      "type": "aws_subnet",
      "name": "private_b",
      "provider": "provider[\"registry.terraform.io/hashicorp/aws\"]",
      "instances": [
        {
          "schema_version": 1,
          "attributes": {
            "arn": "arn:aws:ec2:ap-southeast-1:323146837282:subnet/subnet-0b712cf50a34eabfa",
            "assign_ipv6_address_on_creation": false,
            "availability_zone": "ap-southeast-1b",
            "availability_zone_id": "apse1-az1",
            "cidr_block": "10.10.11.0/24",
            "customer_owned_ipv4_pool": "",
            "enable_dns64": false,
            "enable_lni_at_device_index": 0,
            "enable_resource_name_dns_a_record_on_launch": false,
            "enable_resource_name_dns_aaaa_record_on_launch": false,
            "id": "subnet-0b712cf50a34eabfa",
            "ipv6_cidr_block": "",
            "ipv6_cidr_block_association_id": "",
            "ipv6_native": false,
            "map_customer_owned_ip_on_launch": false,
            "map_public_ip_on_launch": false,
            "outpost_arn": "",
            "owner_id": "323146837282",
            "private_dns_hostname_type_on_launch": "ip-name",
            "tags": {
              "Environment": "dev",
              "ManagedBy": "terraform",
              "Name": "ai-bill-splitter-private-b",
              "Project": "ai-bill-splitter",
              "Type": "private"
            },
            "tags_all": {
              "Environment": "dev",
              "ManagedBy": "terraform",
              "Name": "ai-bill-splitter-private-b",
              "Project": "ai-bill-splitter",
              "Type": "private"
            },
            "timeouts": null,
            "vpc_id": "vpc-0b219e7458d3af6e5"
          },
          "sensitive_attributes": [],
          "private": "eyJlMmJmYjczMC1lY2FhLTExZTYtOGY4OC0zNDM2M2JjN2M0YzAiOnsiY3JlYXRlIjo2MDAwMDAwMDAwMDAsImRlbGV0ZSI6MTIwMDAwMDAwMDAwMH0sInNjaGVtYV92ZXJzaW9uIjoiMSJ9",
          "dependencies": [
            "module.aws.aws_vpc.main",
            "module.aws.data.aws_availability_zones.available"
          ]
        }
      ]
    },
    {
      "module": "module.aws",
      "mode": "managed",
      "type": "aws_subnet",
      "name": "public_a",
      "provider": "provider[\"registry.terraform.io/hashicorp/aws\"]",
      "instances": [
        {
          "schema_version": 1,
          "attributes": {
            "arn": "arn:aws:ec2:ap-southeast-1:323146837282:subnet/subnet-08d15031e1cc0bdb9",
            "assign_ipv6_address_on_creation": false,
            "availability_zone": "ap-southeast-1a",
            "availability_zone_id": "apse1-az2",
            "cidr_block": "10.10.1.0/24",
            "customer_owned_ipv4_pool": "",
            "enable_dns64": false,
            "enable_lni_at_device_index": 0,
            "enable_resource_name_dns_a_record_on_launch": false,
            "enable_resource_name_dns_aaaa_record_on_launch": false,
            "id": "subnet-08d15031e1cc0bdb9",
            "ipv6_cidr_block": "",
            "ipv6_cidr_block_association_id": "",
            "ipv6_native": false,
            "map_customer_owned_ip_on_launch": false,
            "map_public_ip_on_launch": true,
            "outpost_arn": "",
            "owner_id": "323146837282",
            "private_dns_hostname_type_on_launch": "ip-name",
            "tags": {
              "Environment": "dev",
              "ManagedBy": "terraform",
              "Name": "ai-bill-splitter-public-a",
              "Project": "ai-bill-splitter",
              "Type": "public"
            },
            "tags_all": {
              "Environment": "dev",
              "ManagedBy": "terraform",
              "Name": "ai-bill-splitter-public-a",
              "Project": "ai-bill-splitter",
              "Type": "public"
            },
            "timeouts": null,
            "vpc_id": "vpc-0b219e7458d3af6e5"
          },
          "sensitive_attributes": [],
          "private": "eyJlMmJmYjczMC1lY2FhLTExZTYtOGY4OC0zNDM2M2JjN2M0YzAiOnsiY3JlYXRlIjo2MDAwMDAwMDAwMDAsImRlbGV0ZSI6MTIwMDAwMDAwMDAwMH0sInNjaGVtYV92ZXJzaW9uIjoiMSJ9",
          "dependencies": [
            "module.aws.aws_vpc.main",
            "module.aws.data.aws_availability_zones.available"
          ]
        }
      ]
    },
    {
      "module": "module.aws",
      "mode": "managed",
      "type": "aws_subnet",
      "name": "public_b",
      "provider": "provider[\"registry.terraform.io/hashicorp/aws\"]",
      "instances": [
        {
          "schema_version": 1,
          "attributes": {
            "arn": "arn:aws:ec2:ap-southeast-1:323146837282:subnet/subnet-0942246500636ecfd",
            "assign_ipv6_address_on_creation": false,
            "availability_zone": "ap-southeast-1b",
            "availability_zone_id": "apse1-az1",
            "cidr_block": "10.10.2.0/24",
            "customer_owned_ipv4_pool": "",
            "enable_dns64": false,
            "enable_lni_at_device_index": 0,
            "enable_resource_name_dns_a_record_on_launch": false,
            "enable_resource_name_dns_aaaa_record_on_launch": false,
            "id": "subnet-0942246500636ecfd",
            "ipv6_cidr_block": "",
            "ipv6_cidr_block_association_id": "",
            "ipv6_native": false,
            "map_customer_owned_ip_on_launch": false,
            "map_public_ip_on_launch": true,
            "outpost_arn": "",
            "owner_id": "323146837282",
            "private_dns_hostname_type_on_launch": "ip-name",
            "tags": {
              "Environment": "dev",
              "ManagedBy": "terraform",
              "Name": "ai-bill-splitter-public-b",
              "Project": "ai-bill-splitter",
              "Type": "public"
            },
            "tags_all": {
              "Environment": "dev",
              "ManagedBy": "terraform",
              "Name": "ai-bill-splitter-public-b",
              "Project": "ai-bill-splitter",
              "Type": "public"
            },
            "timeouts": null,
            "vpc_id": "vpc-0b219e7458d3af6e5"
          },
          "sensitive_attributes": [],
          "private": "eyJlMmJmYjczMC1lY2FhLTExZTYtOGY4OC0zNDM2M2JjN2M0YzAiOnsiY3JlYXRlIjo2MDAwMDAwMDAwMDAsImRlbGV0ZSI6MTIwMDAwMDAwMDAwMH0sInNjaGVtYV92ZXJzaW9uIjoiMSJ9",
          "dependencies": [
            "module.aws.aws_vpc.main",
            "module.aws.data.aws_availability_zones.available"
          ]
        }
      ]
    },
    {
      "module": "module.aws",
      "mode": "managed",
      "type": "aws_vpc",
      "name": "main",
      "provider": "provider[\"registry.terraform.io/hashicorp/aws\"]",
      "instances": [
        {
          "schema_version": 1,
          "attributes": {
            "arn": "arn:aws:ec2:ap-southeast-1:323146837282:vpc/vpc-0b219e7458d3af6e5",
            "assign_generated_ipv6_cidr_block": false,
            "cidr_block": "10.10.0.0/16",
            "default_network_acl_id": "acl-02fa6baa8a4db8071",
            "default_route_table_id": "rtb-09ffa781d4a8cd0b8",
            "default_security_group_id": "sg-09e6cf71c91b1a8d0",
            "dhcp_options_id": "dopt-03501c7db9693b8f0",
            "enable_dns_hostnames": true,
            "enable_dns_support": true,
            "enable_network_address_usage_metrics": false,
            "id": "vpc-0b219e7458d3af6e5",
            "instance_tenancy": "default",
            "ipv4_ipam_pool_id": null,
            "ipv4_netmask_length": null,
            "ipv6_association_id": "",
            "ipv6_cidr_block": "",
            "ipv6_cidr_block_network_border_group": "",
            "ipv6_ipam_pool_id": "",
            "ipv6_netmask_length": 0,
            "main_route_table_id": "rtb-09ffa781d4a8cd0b8",
            "owner_id": "323146837282",
            "tags": {
              "Environment": "dev",
              "ManagedBy": "terraform",
              "Name": "ai-bill-splitter-dev",
              "Project": "ai-bill-splitter"
            },
            "tags_all": {
              "Environment": "dev",
              "ManagedBy": "terraform",
              "Name": "ai-bill-splitter-dev",
              "Project": "ai-bill-splitter"
            }
          },
          "sensitive_attributes": [],
          "private": "eyJzY2hlbWFfdmVyc2lvbiI6IjEifQ=="
        }
      ]
    }
  ],
  "check_results": null
}
